// !$*UTF8*$!
{
	archiveVersion = 1;
	classes = {
	};
	objectVersion = 46;
	objects = {

/* Begin PBXBuildFile section */
		330EF60F166FE3C300493FBB /* AccessoryView - Open Data Panel.xib in Resources */ = {isa = PBXBuildFile; fileRef = 330EF60E166FE3C300493FBB /* AccessoryView - Open Data Panel.xib */; };
		330EF614166FE77600493FBB /* HNAccessoryView.m in Sources */ = {isa = PBXBuildFile; fileRef = 330EF613166FE77600493FBB /* HNAccessoryView.m */; };
		331C7FDF167A452700CB2D59 /* AppKit.framework in Frameworks */ = {isa = PBXBuildFile; fileRef = BE29C89F15C6C53000407DD2 /* AppKit.framework */; };
		3334FD9F166FD03700CDA6B2 /* MarkerLineNumberView.m in Sources */ = {isa = PBXBuildFile; fileRef = 3334FD9A166FD03700CDA6B2 /* MarkerLineNumberView.m */; };
		3334FDA0166FD03700CDA6B2 /* NoodleLineNumberMarker.m in Sources */ = {isa = PBXBuildFile; fileRef = 3334FD9C166FD03700CDA6B2 /* NoodleLineNumberMarker.m */; };
		3334FDA1166FD03700CDA6B2 /* NoodleLineNumberView.m in Sources */ = {isa = PBXBuildFile; fileRef = 3334FD9E166FD03700CDA6B2 /* NoodleLineNumberView.m */; };
		3396600A17161797004C38E9 /* HNTextFieldLabel.m in Sources */ = {isa = PBXBuildFile; fileRef = 3396600917161797004C38E9 /* HNTextFieldLabel.m */; };
		33C3D24C17162754001A4B08 /* Date Column.png in Resources */ = {isa = PBXBuildFile; fileRef = 33C3D24817162754001A4B08 /* Date Column.png */; };
		33C3D24D17162754001A4B08 /* Date Column@2x.png in Resources */ = {isa = PBXBuildFile; fileRef = 33C3D24917162754001A4B08 /* Date Column@2x.png */; };
		33C3D24E17162754001A4B08 /* Date Column.pdf in Resources */ = {isa = PBXBuildFile; fileRef = 33C3D24A17162754001A4B08 /* Date Column.pdf */; };
		33C3D24F17162754001A4B08 /* Column Date.pdf in Resources */ = {isa = PBXBuildFile; fileRef = 33C3D24B17162754001A4B08 /* Column Date.pdf */; };
		33C3D2581716276A001A4B08 /* String Column.png in Resources */ = {isa = PBXBuildFile; fileRef = 33C3D2501716276A001A4B08 /* String Column.png */; };
		33C3D2591716276A001A4B08 /* String Column@2x.png in Resources */ = {isa = PBXBuildFile; fileRef = 33C3D2511716276A001A4B08 /* String Column@2x.png */; };
		33C3D25A1716276A001A4B08 /* String Expression Column.pdf in Resources */ = {isa = PBXBuildFile; fileRef = 33C3D2521716276A001A4B08 /* String Expression Column.pdf */; };
		33C3D25B1716276A001A4B08 /* String Expression Column.png in Resources */ = {isa = PBXBuildFile; fileRef = 33C3D2531716276A001A4B08 /* String Expression Column.png */; };
		33C3D25C1716276A001A4B08 /* String Expression Column@2x.png in Resources */ = {isa = PBXBuildFile; fileRef = 33C3D2541716276A001A4B08 /* String Expression Column@2x.png */; };
		33C3D25D1716276A001A4B08 /* Parameter - String.png in Resources */ = {isa = PBXBuildFile; fileRef = 33C3D2551716276A001A4B08 /* Parameter - String.png */; };
		33C3D25E1716276A001A4B08 /* Column String.pdf in Resources */ = {isa = PBXBuildFile; fileRef = 33C3D2561716276A001A4B08 /* Column String.pdf */; };
		33C3D25F1716276A001A4B08 /* Column StringExpression.pdf in Resources */ = {isa = PBXBuildFile; fileRef = 33C3D2571716276A001A4B08 /* Column StringExpression.pdf */; };
		33C3D2641716277F001A4B08 /* Column Binary.pdf in Resources */ = {isa = PBXBuildFile; fileRef = 33C3D2601716277F001A4B08 /* Column Binary.pdf */; };
		33C3D2651716277F001A4B08 /* Binary Column.pdf in Resources */ = {isa = PBXBuildFile; fileRef = 33C3D2611716277F001A4B08 /* Binary Column.pdf */; };
		33C3D2661716277F001A4B08 /* Binary Column.png in Resources */ = {isa = PBXBuildFile; fileRef = 33C3D2621716277F001A4B08 /* Binary Column.png */; };
		33C3D2671716277F001A4B08 /* Binary Column@2x.png in Resources */ = {isa = PBXBuildFile; fileRef = 33C3D2631716277F001A4B08 /* Binary Column@2x.png */; };
		33C3D26B17162794001A4B08 /* Expression Column.pdf in Resources */ = {isa = PBXBuildFile; fileRef = 33C3D26817162794001A4B08 /* Expression Column.pdf */; };
		33C3D26C17162794001A4B08 /* Expression Column.png in Resources */ = {isa = PBXBuildFile; fileRef = 33C3D26917162794001A4B08 /* Expression Column.png */; };
		33C3D26D17162794001A4B08 /* Expression Column@2x.png in Resources */ = {isa = PBXBuildFile; fileRef = 33C3D26A17162794001A4B08 /* Expression Column@2x.png */; };
		33C3D277171627B6001A4B08 /* Collapser Command Close.pdf in Resources */ = {isa = PBXBuildFile; fileRef = 33C3D26E171627B6001A4B08 /* Collapser Command Close.pdf */; };
		33C3D278171627B6001A4B08 /* Collapser Command Open Big.pdf in Resources */ = {isa = PBXBuildFile; fileRef = 33C3D26F171627B6001A4B08 /* Collapser Command Open Big.pdf */; };
		33C3D279171627B6001A4B08 /* Collapser Command Open.pdf in Resources */ = {isa = PBXBuildFile; fileRef = 33C3D270171627B6001A4B08 /* Collapser Command Open.pdf */; };
		33C3D27A171627B6001A4B08 /* Collapser Command Open Big16.png in Resources */ = {isa = PBXBuildFile; fileRef = 33C3D271171627B6001A4B08 /* Collapser Command Open Big16.png */; };
		33C3D27B171627B6001A4B08 /* Collapser Command Open Big24.png in Resources */ = {isa = PBXBuildFile; fileRef = 33C3D272171627B6001A4B08 /* Collapser Command Open Big24.png */; };
		33C3D27C171627B6001A4B08 /* Collapser Command Open Big32.png in Resources */ = {isa = PBXBuildFile; fileRef = 33C3D273171627B6001A4B08 /* Collapser Command Open Big32.png */; };
		33C3D27D171627B6001A4B08 /* FieldCommand16.png in Resources */ = {isa = PBXBuildFile; fileRef = 33C3D274171627B6001A4B08 /* FieldCommand16.png */; };
		33C3D27E171627B6001A4B08 /* FieldCommand24.png in Resources */ = {isa = PBXBuildFile; fileRef = 33C3D275171627B6001A4B08 /* FieldCommand24.png */; };
		33C3D27F171627B6001A4B08 /* FieldCommand32.png in Resources */ = {isa = PBXBuildFile; fileRef = 33C3D276171627B6001A4B08 /* FieldCommand32.png */; };
		33EDBC22178780D8007926EC /* MainMenu.xib in Resources */ = {isa = PBXBuildFile; fileRef = 33EDBC20178780D8007926EC /* MainMenu.xib */; };
		BE058AE416002FEB009FFB26 /* HNNSNotificationStrings.m in Sources */ = {isa = PBXBuildFile; fileRef = BE058AE316002FEB009FFB26 /* HNNSNotificationStrings.m */; };
		BE058AE516002FEB009FFB26 /* HNNSNotificationStrings.m in Sources */ = {isa = PBXBuildFile; fileRef = BE058AE316002FEB009FFB26 /* HNNSNotificationStrings.m */; };
		BE058AE616002FEB009FFB26 /* HNNSNotificationStrings.m in Sources */ = {isa = PBXBuildFile; fileRef = BE058AE316002FEB009FFB26 /* HNNSNotificationStrings.m */; };
		BE07039915EEAA3B00F4CB13 /* HNTabViewController.m in Sources */ = {isa = PBXBuildFile; fileRef = BE07039815EEAA3B00F4CB13 /* HNTabViewController.m */; };
		BE07039A15EEAA3B00F4CB13 /* HNTabViewController.m in Sources */ = {isa = PBXBuildFile; fileRef = BE07039815EEAA3B00F4CB13 /* HNTabViewController.m */; };
		BE1789AB162F4535007A1BFC /* Source-Folders.png in Resources */ = {isa = PBXBuildFile; fileRef = BE1789A9162F4535007A1BFC /* Source-Folders.png */; };
		BE1789AC162F4535007A1BFC /* Source-Folders@2x.png in Resources */ = {isa = PBXBuildFile; fileRef = BE1789AA162F4535007A1BFC /* Source-Folders@2x.png */; };
		BE1789B0162F458C007A1BFC /* Source-Experiment.png in Resources */ = {isa = PBXBuildFile; fileRef = BE1789AE162F458C007A1BFC /* Source-Experiment.png */; };
		BE1789B1162F458C007A1BFC /* Source-Experiment@2x.png in Resources */ = {isa = PBXBuildFile; fileRef = BE1789AF162F458C007A1BFC /* Source-Experiment@2x.png */; };
		BE181C7C1630EE3400FE2475 /* icon.iconset in Resources */ = {isa = PBXBuildFile; fileRef = BE181C7B1630EE3400FE2475 /* icon.iconset */; };
		BE181C7F1630EE6000FE2475 /* icon.iconset in Resources */ = {isa = PBXBuildFile; fileRef = BE181C7E1630EE6000FE2475 /* icon.iconset */; };
		BE1B003B160609BD00095785 /* ImageAndTextCell.m in Sources */ = {isa = PBXBuildFile; fileRef = BE1B003A160609BD00095785 /* ImageAndTextCell.m */; };
		BE1B003C160609BD00095785 /* ImageAndTextCell.m in Sources */ = {isa = PBXBuildFile; fileRef = BE1B003A160609BD00095785 /* ImageAndTextCell.m */; };
		BE1B0049160615C200095785 /* Source-Folder.png in Resources */ = {isa = PBXBuildFile; fileRef = BE1B0043160615C200095785 /* Source-Folder.png */; };
		BE1B004A160615C200095785 /* Source-Folder@2x.png in Resources */ = {isa = PBXBuildFile; fileRef = BE1B0044160615C200095785 /* Source-Folder@2x.png */; };
		BE1B004B160615C200095785 /* Source-Project.png in Resources */ = {isa = PBXBuildFile; fileRef = BE1B0045160615C200095785 /* Source-Project.png */; };
		BE1B004C160615C200095785 /* Source-Project@2x.png in Resources */ = {isa = PBXBuildFile; fileRef = BE1B0046160615C200095785 /* Source-Project@2x.png */; };
		BE1B521615CF5C2F00B3E9F0 /* HNOutlineView.m in Sources */ = {isa = PBXBuildFile; fileRef = BE1B521315CF5C2F00B3E9F0 /* HNOutlineView.m */; };
		BE1B521715CF5C2F00B3E9F0 /* HNTreeController.m in Sources */ = {isa = PBXBuildFile; fileRef = BE1B521515CF5C2F00B3E9F0 /* HNTreeController.m */; };
		BE219FDC15DD648800BCBEC2 /* HNPasteBoardTypes.m in Sources */ = {isa = PBXBuildFile; fileRef = BE219FDB15DD648800BCBEC2 /* HNPasteBoardTypes.m */; };
		BE21F53A15D1DCC000C968EA /* NSArray_Extensions.m in Sources */ = {isa = PBXBuildFile; fileRef = BE21F53615D1DCC000C968EA /* NSArray_Extensions.m */; };
		BE21F53B15D1DCC000C968EA /* NSTreeController_Extensions.m in Sources */ = {isa = PBXBuildFile; fileRef = BE21F53715D1DCC000C968EA /* NSTreeController_Extensions.m */; };
		BE21F53C15D1DCC000C968EA /* NSTreeNode_Extensions.m in Sources */ = {isa = PBXBuildFile; fileRef = BE21F53815D1DCC000C968EA /* NSTreeNode_Extensions.m */; };
		BE21F53D15D1DCC000C968EA /* NSIndexPath_Extensions.m in Sources */ = {isa = PBXBuildFile; fileRef = BE21F53915D1DCC000C968EA /* NSIndexPath_Extensions.m */; };
		BE21F54215D1E94100C968EA /* NSArray_Extensions.m in Sources */ = {isa = PBXBuildFile; fileRef = BE21F53615D1DCC000C968EA /* NSArray_Extensions.m */; };
		BE21F54315D1E94100C968EA /* NSIndexPath_Extensions.m in Sources */ = {isa = PBXBuildFile; fileRef = BE21F53915D1DCC000C968EA /* NSIndexPath_Extensions.m */; };
		BE21F54415D1E94100C968EA /* NSTreeNode_Extensions.m in Sources */ = {isa = PBXBuildFile; fileRef = BE21F53815D1DCC000C968EA /* NSTreeNode_Extensions.m */; };
		BE21F54515D1E94100C968EA /* NSTreeController_Extensions.m in Sources */ = {isa = PBXBuildFile; fileRef = BE21F53715D1DCC000C968EA /* NSTreeController_Extensions.m */; };
		BE28FB0E1602752100CC9D10 /* InitialGraph.dgraph in Resources */ = {isa = PBXBuildFile; fileRef = BE28FB0D1602752100CC9D10 /* InitialGraph.dgraph */; };
		BE29C89D15C6C53000407DD2 /* Cocoa.framework in Frameworks */ = {isa = PBXBuildFile; fileRef = BE29C89C15C6C53000407DD2 /* Cocoa.framework */; };
		BE29C8A715C6C53000407DD2 /* InfoPlist.strings in Resources */ = {isa = PBXBuildFile; fileRef = BE29C8A515C6C53000407DD2 /* InfoPlist.strings */; };
		BE29C8A915C6C53000407DD2 /* main.m in Sources */ = {isa = PBXBuildFile; fileRef = BE29C8A815C6C53000407DD2 /* main.m */; };
		BE29C8AD15C6C53000407DD2 /* Credits.rtf in Resources */ = {isa = PBXBuildFile; fileRef = BE29C8AB15C6C53000407DD2 /* Credits.rtf */; };
		BE29C8B015C6C53000407DD2 /* HNAppDelegate.m in Sources */ = {isa = PBXBuildFile; fileRef = BE29C8AF15C6C53000407DD2 /* HNAppDelegate.m */; };
		BE29C8BE15C6C53000407DD2 /* SenTestingKit.framework in Frameworks */ = {isa = PBXBuildFile; fileRef = BE29C8BD15C6C53000407DD2 /* SenTestingKit.framework */; };
		BE29C8BF15C6C53000407DD2 /* Cocoa.framework in Frameworks */ = {isa = PBXBuildFile; fileRef = BE29C89C15C6C53000407DD2 /* Cocoa.framework */; };
		BE29C8C715C6C53000407DD2 /* InfoPlist.strings in Resources */ = {isa = PBXBuildFile; fileRef = BE29C8C515C6C53000407DD2 /* InfoPlist.strings */; };
		BE29C8CA15C6C53000407DD2 /* GraphBase_ATests.m in Sources */ = {isa = PBXBuildFile; fileRef = BE29C8C915C6C53000407DD2 /* GraphBase_ATests.m */; };
		BE29C8D215C6C53000407DD2 /* GraphBase_AImporter.mdimporter in Resources */ = {isa = PBXBuildFile; fileRef = BE29C8CF15C6C53000407DD2 /* GraphBase_AImporter.mdimporter */; };
		BE29C8D415C6C53000407DD2 /* CoreServices.framework in Frameworks */ = {isa = PBXBuildFile; fileRef = BE29C8D315C6C53000407DD2 /* CoreServices.framework */; };
		BE29C8D615C6C53000407DD2 /* CoreFoundation.framework in Frameworks */ = {isa = PBXBuildFile; fileRef = BE29C8D515C6C53000407DD2 /* CoreFoundation.framework */; };
		BE29C8D815C6C53000407DD2 /* CoreData.framework in Frameworks */ = {isa = PBXBuildFile; fileRef = BE29C8D715C6C53000407DD2 /* CoreData.framework */; };
		BE29C8DA15C6C53000407DD2 /* Foundation.framework in Frameworks */ = {isa = PBXBuildFile; fileRef = BE29C8D915C6C53000407DD2 /* Foundation.framework */; };
		BE29C8E015C6C53000407DD2 /* InfoPlist.strings in Resources */ = {isa = PBXBuildFile; fileRef = BE29C8DE15C6C53000407DD2 /* InfoPlist.strings */; };
		BE29C8E215C6C53000407DD2 /* main.c in Sources */ = {isa = PBXBuildFile; fileRef = BE29C8E115C6C53000407DD2 /* main.c */; };
		BE29C8E415C6C53000407DD2 /* GetMetadataForFile.m in Sources */ = {isa = PBXBuildFile; fileRef = BE29C8E315C6C53000407DD2 /* GetMetadataForFile.m */; };
		BE29C8E715C6C53000407DD2 /* MySpotlightImporter.m in Sources */ = {isa = PBXBuildFile; fileRef = BE29C8E615C6C53000407DD2 /* MySpotlightImporter.m */; };
		BE29C91115C6C5E900407DD2 /* Tab-Graph.png in Resources */ = {isa = PBXBuildFile; fileRef = BE29C8FB15C6C5E900407DD2 /* Tab-Graph.png */; };
		BE29C91215C6C5E900407DD2 /* Tab-Graph@2x.png in Resources */ = {isa = PBXBuildFile; fileRef = BE29C8FC15C6C5E900407DD2 /* Tab-Graph@2x.png */; };
		BE29C91515C6C5E900407DD2 /* Tab-Info.png in Resources */ = {isa = PBXBuildFile; fileRef = BE29C90115C6C5E900407DD2 /* Tab-Info.png */; };
		BE29C91615C6C5E900407DD2 /* Tab-Info@2x.png in Resources */ = {isa = PBXBuildFile; fileRef = BE29C90215C6C5E900407DD2 /* Tab-Info@2x.png */; };
		BE29C91915C6C5E900407DD2 /* Tab-Parser.png in Resources */ = {isa = PBXBuildFile; fileRef = BE29C90715C6C5E900407DD2 /* Tab-Parser.png */; };
		BE29C91A15C6C5E900407DD2 /* Tab-Parser@2x.png in Resources */ = {isa = PBXBuildFile; fileRef = BE29C90815C6C5E900407DD2 /* Tab-Parser@2x.png */; };
		BE29C91D15C6C5E900407DD2 /* Tab-Text.png in Resources */ = {isa = PBXBuildFile; fileRef = BE29C90D15C6C5E900407DD2 /* Tab-Text.png */; };
		BE29C91E15C6C5E900407DD2 /* Tab-Text@2x.png in Resources */ = {isa = PBXBuildFile; fileRef = BE29C90E15C6C5E900407DD2 /* Tab-Text@2x.png */; };
		BE29C92815C6C65100407DD2 /* DMTabBar.m in Sources */ = {isa = PBXBuildFile; fileRef = BE29C92515C6C65100407DD2 /* DMTabBar.m */; };
		BE29C92915C6C65100407DD2 /* DMTabBar.m in Sources */ = {isa = PBXBuildFile; fileRef = BE29C92515C6C65100407DD2 /* DMTabBar.m */; };
		BE29C92A15C6C65100407DD2 /* DMTabBarItem.m in Sources */ = {isa = PBXBuildFile; fileRef = BE29C92715C6C65100407DD2 /* DMTabBarItem.m */; };
		BE29C92B15C6C65100407DD2 /* DMTabBarItem.m in Sources */ = {isa = PBXBuildFile; fileRef = BE29C92715C6C65100407DD2 /* DMTabBarItem.m */; };
		BE29C93315C6D5E400407DD2 /* HNPreferencePanelWindowController.m in Sources */ = {isa = PBXBuildFile; fileRef = BE29C93115C6D5E400407DD2 /* HNPreferencePanelWindowController.m */; };
		BE29C93415C6D5E400407DD2 /* HNPreferencePanelWindowController.m in Sources */ = {isa = PBXBuildFile; fileRef = BE29C93115C6D5E400407DD2 /* HNPreferencePanelWindowController.m */; };
		BE29C93515C6D5E400407DD2 /* HNPreferencePanelWindowController.xib in Resources */ = {isa = PBXBuildFile; fileRef = BE29C93215C6D5E400407DD2 /* HNPreferencePanelWindowController.xib */; };
		BE29C93615C6D5E400407DD2 /* HNPreferencePanelWindowController.xib in Resources */ = {isa = PBXBuildFile; fileRef = BE29C93215C6D5E400407DD2 /* HNPreferencePanelWindowController.xib */; };
		BE33BEA815E82D1A00160888 /* ParsedDataCollector.m in Sources */ = {isa = PBXBuildFile; fileRef = BE33BEA715E82D1A00160888 /* ParsedDataCollector.m */; };
		BE554B6A15D955740048CD8A /* HNDataParser.m in Sources */ = {isa = PBXBuildFile; fileRef = BE554B6915D955740048CD8A /* HNDataParser.m */; };
		BE56530F1654106C001ECA9C /* HNCollectionType.m in Sources */ = {isa = PBXBuildFile; fileRef = BE56530E1654106C001ECA9C /* HNCollectionType.m */; };
		BE59FA0C165747320017E8C2 /* DocumentIcon - ParseTemplate.png in Resources */ = {isa = PBXBuildFile; fileRef = BE59FA0B165747320017E8C2 /* DocumentIcon - ParseTemplate.png */; };
		BE66F7B915E7AA8900F845D6 /* HNDataViewController.m in Sources */ = {isa = PBXBuildFile; fileRef = BE66F7B815E7AA8900F845D6 /* HNDataViewController.m */; };
		BE6F18F616080EA200D38F0A /* Tab-Collections.png in Resources */ = {isa = PBXBuildFile; fileRef = BE6F18F416080EA200D38F0A /* Tab-Collections.png */; };
		BE6F18F716080EA200D38F0A /* Tab-Collections@2x.png in Resources */ = {isa = PBXBuildFile; fileRef = BE6F18F516080EA200D38F0A /* Tab-Collections@2x.png */; };
		BE79CA7915D15F2A003D2EE7 /* HNOutlineView.m in Sources */ = {isa = PBXBuildFile; fileRef = BE1B521315CF5C2F00B3E9F0 /* HNOutlineView.m */; };
		BE79CA7B15D15FDB003D2EE7 /* HNTreeController.m in Sources */ = {isa = PBXBuildFile; fileRef = BE1B521515CF5C2F00B3E9F0 /* HNTreeController.m */; };
		BE82B7D915FC2FDA0002BFE7 /* HNGraphTemplate.m in Sources */ = {isa = PBXBuildFile; fileRef = BE82B7D815FC2FDA0002BFE7 /* HNGraphTemplate.m */; };
		BE82B7DC15FC2FDA0002BFE7 /* HNTreeNode.m in Sources */ = {isa = PBXBuildFile; fileRef = BE82B7DB15FC2FDA0002BFE7 /* HNTreeNode.m */; };
		BE82B7DF15FC2FDA0002BFE7 /* HNDataItem.m in Sources */ = {isa = PBXBuildFile; fileRef = BE82B7DE15FC2FDA0002BFE7 /* HNDataItem.m */; };
		BE87651716089F1D00302C2C /* HNParseTemplate.m in Sources */ = {isa = PBXBuildFile; fileRef = BE87651616089F1D00302C2C /* HNParseTemplate.m */; };
		BE883A9315DC8F33001A8EB4 /* GraphBase_A.xcdatamodeld in Sources */ = {isa = PBXBuildFile; fileRef = BE883A9115DC8F33001A8EB4 /* GraphBase_A.xcdatamodeld */; };
		BE8B3A5C15FBA05A000A687A /* HNTreeNodeArrayController.m in Sources */ = {isa = PBXBuildFile; fileRef = BE8B3A5B15FBA05A000A687A /* HNTreeNodeArrayController.m */; };
		BE912836161BA54E00D31698 /* NSValue+HNExtensions.m in Sources */ = {isa = PBXBuildFile; fileRef = BE912835161BA54E00D31698 /* NSValue+HNExtensions.m */; };
		BE9540F615FFFB7B00F34516 /* HNAddRemoveItemsButton.m in Sources */ = {isa = PBXBuildFile; fileRef = BE9540F515FFFB7B00F34516 /* HNAddRemoveItemsButton.m */; };
		BE991D8C1632E1DC00A1307D /* hnGlobalKeyEquivalents.m in Sources */ = {isa = PBXBuildFile; fileRef = BE991D8B1632E1DC00A1307D /* hnGlobalKeyEquivalents.m */; };
		BE9C3F01162613C700973FDA /* GraphBaseIcon.icns in Resources */ = {isa = PBXBuildFile; fileRef = BE9C3F00162613C700973FDA /* GraphBaseIcon.icns */; };
		BEA07F29161A8DA600FA850A /* HNUserDefaultStrings.m in Sources */ = {isa = PBXBuildFile; fileRef = BEA07F28161A8DA600FA850A /* HNUserDefaultStrings.m */; };
		BEA7394815DC806300087113 /* HNAddCollectionsButton.m in Sources */ = {isa = PBXBuildFile; fileRef = BEA7394715DC806300087113 /* HNAddCollectionsButton.m */; };
		BEB06CC515DB1C8C00C295A6 /* TestData.txt in Resources */ = {isa = PBXBuildFile; fileRef = BEB06CC415DB1C8C00C295A6 /* TestData.txt */; };
		BEB2E10315D48A0E003AB11C /* DataGraph.framework in Frameworks */ = {isa = PBXBuildFile; fileRef = BEB2E10215D48A0E003AB11C /* DataGraph.framework */; };
		BEB2E10615D48C94003AB11C /* DataGraph.framework in CopyFiles */ = {isa = PBXBuildFile; fileRef = BEB2E10215D48A0E003AB11C /* DataGraph.framework */; };
		BEB8F90915E80D04002D48AD /* CSVParser.m in Sources */ = {isa = PBXBuildFile; fileRef = BEB8F90815E80D04002D48AD /* CSVParser.m */; };
		BEBA912A160353B1007A88D7 /* HNMenuItem.m in Sources */ = {isa = PBXBuildFile; fileRef = BEBA9129160353B1007A88D7 /* HNMenuItem.m */; };
		BEBA912B160353B1007A88D7 /* HNMenuItem.m in Sources */ = {isa = PBXBuildFile; fileRef = BEBA9129160353B1007A88D7 /* HNMenuItem.m */; };
		BEC92741160BED4B0080367E /* HNMenuBarController.m in Sources */ = {isa = PBXBuildFile; fileRef = BEC92740160BED4B0080367E /* HNMenuBarController.m */; };
		BECE35BD160B974900B8F701 /* HNDataTableView.m in Sources */ = {isa = PBXBuildFile; fileRef = BECE35BC160B974900B8F701 /* HNDataTableView.m */; };
		BED0604D161E270A00509274 /* EmptyGraph.dgraph in Resources */ = {isa = PBXBuildFile; fileRef = BED0604C161E270900509274 /* EmptyGraph.dgraph */; };
		BED152FF15D67BEB000D2172 /* Tab-Table.png in Resources */ = {isa = PBXBuildFile; fileRef = BED152FD15D67BEB000D2172 /* Tab-Table.png */; };
		BED1530015D67BEB000D2172 /* Tab-Table@2x.png in Resources */ = {isa = PBXBuildFile; fileRef = BED152FE15D67BEB000D2172 /* Tab-Table@2x.png */; };
		BED1653A163205B70042A0BE /* HNAppDelegate+HNCoreDataManagement.m in Sources */ = {isa = PBXBuildFile; fileRef = BED16539163205B70042A0BE /* HNAppDelegate+HNCoreDataManagement.m */; };
		BED57F7B15F7ED250011AA38 /* Identifiers - paletteView_parseDetails.txt in Resources */ = {isa = PBXBuildFile; fileRef = BED57F7A15F7ED250011AA38 /* Identifiers - paletteView_parseDetails.txt */; };
		BEDD54BC15EE6DA500049BD0 /* DMPaletteContainer.m in Sources */ = {isa = PBXBuildFile; fileRef = BEDD54B915EE6DA500049BD0 /* DMPaletteContainer.m */; };
		BEDD54BD15EE6DA500049BD0 /* DMPaletteContainer.m in Sources */ = {isa = PBXBuildFile; fileRef = BEDD54B915EE6DA500049BD0 /* DMPaletteContainer.m */; };
		BEDD54BE15EE6DA500049BD0 /* DMPaletteSectionView.m in Sources */ = {isa = PBXBuildFile; fileRef = BEDD54BB15EE6DA500049BD0 /* DMPaletteSectionView.m */; };
		BEDD54BF15EE6DA500049BD0 /* DMPaletteSectionView.m in Sources */ = {isa = PBXBuildFile; fileRef = BEDD54BB15EE6DA500049BD0 /* DMPaletteSectionView.m */; };
		BEE60519168F8A8F00CF1215 /* HNSplitViewController.m in Sources */ = {isa = PBXBuildFile; fileRef = BEE60518168F8A8F00CF1215 /* HNSplitViewController.m */; };
		BEFE6BA215EEA8BC00D1C979 /* HNSourceViewController.m in Sources */ = {isa = PBXBuildFile; fileRef = BEFE6BA115EEA8BC00D1C979 /* HNSourceViewController.m */; };
		BEFE6BA315EEA8BC00D1C979 /* HNSourceViewController.m in Sources */ = {isa = PBXBuildFile; fileRef = BEFE6BA115EEA8BC00D1C979 /* HNSourceViewController.m */; };
/* End PBXBuildFile section */

/* Begin PBXContainerItemProxy section */
		BE29C8C015C6C53000407DD2 /* PBXContainerItemProxy */ = {
			isa = PBXContainerItemProxy;
			containerPortal = BE29C88F15C6C53000407DD2 /* Project object */;
			proxyType = 1;
			remoteGlobalIDString = BE29C89715C6C53000407DD2;
			remoteInfo = GraphBase_A;
		};
		BE29C8D015C6C53000407DD2 /* PBXContainerItemProxy */ = {
			isa = PBXContainerItemProxy;
			containerPortal = BE29C88F15C6C53000407DD2 /* Project object */;
			proxyType = 1;
			remoteGlobalIDString = BE29C8CE15C6C53000407DD2;
			remoteInfo = GraphBase_AImporter;
		};
/* End PBXContainerItemProxy section */

/* Begin PBXCopyFilesBuildPhase section */
		BEB2E10515D48C8E003AB11C /* CopyFiles */ = {
			isa = PBXCopyFilesBuildPhase;
			buildActionMask = 2147483647;
			dstPath = "";
			dstSubfolderSpec = 10;
			files = (
				BEB2E10615D48C94003AB11C /* DataGraph.framework in CopyFiles */,
			);
			runOnlyForDeploymentPostprocessing = 0;
		};
/* End PBXCopyFilesBuildPhase section */

/* Begin PBXFileReference section */
		330C7F92171DE1ED00FD912C /* hnGlobalKeyEquivalents.h */ = {isa = PBXFileReference; fileEncoding = 4; lastKnownFileType = sourcecode.c.h; path = hnGlobalKeyEquivalents.h; sourceTree = "<group>"; };
		330EF60E166FE3C300493FBB /* AccessoryView - Open Data Panel.xib */ = {isa = PBXFileReference; fileEncoding = 4; lastKnownFileType = file.xib; path = "AccessoryView - Open Data Panel.xib"; sourceTree = "<group>"; };
		330EF612166FE77600493FBB /* HNAccessoryView.h */ = {isa = PBXFileReference; fileEncoding = 4; lastKnownFileType = sourcecode.c.h; path = HNAccessoryView.h; sourceTree = "<group>"; };
		330EF613166FE77600493FBB /* HNAccessoryView.m */ = {isa = PBXFileReference; fileEncoding = 4; lastKnownFileType = sourcecode.c.objc; path = HNAccessoryView.m; sourceTree = "<group>"; };
		3334FD99166FD03700CDA6B2 /* MarkerLineNumberView.h */ = {isa = PBXFileReference; fileEncoding = 4; lastKnownFileType = sourcecode.c.h; path = MarkerLineNumberView.h; sourceTree = "<group>"; };
		3334FD9A166FD03700CDA6B2 /* MarkerLineNumberView.m */ = {isa = PBXFileReference; fileEncoding = 4; lastKnownFileType = sourcecode.c.objc; path = MarkerLineNumberView.m; sourceTree = "<group>"; };
		3334FD9B166FD03700CDA6B2 /* NoodleLineNumberMarker.h */ = {isa = PBXFileReference; fileEncoding = 4; lastKnownFileType = sourcecode.c.h; path = NoodleLineNumberMarker.h; sourceTree = "<group>"; };
		3334FD9C166FD03700CDA6B2 /* NoodleLineNumberMarker.m */ = {isa = PBXFileReference; fileEncoding = 4; lastKnownFileType = sourcecode.c.objc; path = NoodleLineNumberMarker.m; sourceTree = "<group>"; };
		3334FD9D166FD03700CDA6B2 /* NoodleLineNumberView.h */ = {isa = PBXFileReference; fileEncoding = 4; lastKnownFileType = sourcecode.c.h; path = NoodleLineNumberView.h; sourceTree = "<group>"; };
		3334FD9E166FD03700CDA6B2 /* NoodleLineNumberView.m */ = {isa = PBXFileReference; fileEncoding = 4; lastKnownFileType = sourcecode.c.objc; path = NoodleLineNumberView.m; sourceTree = "<group>"; };
		33798076170A24B300A5F14C /* HNIconImage.h */ = {isa = PBXFileReference; lastKnownFileType = sourcecode.c.h; path = HNIconImage.h; sourceTree = "<group>"; };
		3396600817161797004C38E9 /* HNTextFieldLabel.h */ = {isa = PBXFileReference; fileEncoding = 4; lastKnownFileType = sourcecode.c.h; path = HNTextFieldLabel.h; sourceTree = "<group>"; };
		3396600917161797004C38E9 /* HNTextFieldLabel.m */ = {isa = PBXFileReference; fileEncoding = 4; lastKnownFileType = sourcecode.c.objc; path = HNTextFieldLabel.m; sourceTree = "<group>"; };
		33C3D24817162754001A4B08 /* Date Column.png */ = {isa = PBXFileReference; lastKnownFileType = image.png; path = "Date Column.png"; sourceTree = "<group>"; };
		33C3D24917162754001A4B08 /* Date Column@2x.png */ = {isa = PBXFileReference; lastKnownFileType = image.png; path = "Date Column@2x.png"; sourceTree = "<group>"; };
		33C3D24A17162754001A4B08 /* Date Column.pdf */ = {isa = PBXFileReference; lastKnownFileType = image.pdf; path = "Date Column.pdf"; sourceTree = "<group>"; };
		33C3D24B17162754001A4B08 /* Column Date.pdf */ = {isa = PBXFileReference; lastKnownFileType = image.pdf; path = "Column Date.pdf"; sourceTree = "<group>"; };
		33C3D2501716276A001A4B08 /* String Column.png */ = {isa = PBXFileReference; lastKnownFileType = image.png; path = "String Column.png"; sourceTree = "<group>"; };
		33C3D2511716276A001A4B08 /* String Column@2x.png */ = {isa = PBXFileReference; lastKnownFileType = image.png; path = "String Column@2x.png"; sourceTree = "<group>"; };
		33C3D2521716276A001A4B08 /* String Expression Column.pdf */ = {isa = PBXFileReference; lastKnownFileType = image.pdf; path = "String Expression Column.pdf"; sourceTree = "<group>"; };
		33C3D2531716276A001A4B08 /* String Expression Column.png */ = {isa = PBXFileReference; lastKnownFileType = image.png; path = "String Expression Column.png"; sourceTree = "<group>"; };
		33C3D2541716276A001A4B08 /* String Expression Column@2x.png */ = {isa = PBXFileReference; lastKnownFileType = image.png; path = "String Expression Column@2x.png"; sourceTree = "<group>"; };
		33C3D2551716276A001A4B08 /* Parameter - String.png */ = {isa = PBXFileReference; lastKnownFileType = image.png; path = "Parameter - String.png"; sourceTree = "<group>"; };
		33C3D2561716276A001A4B08 /* Column String.pdf */ = {isa = PBXFileReference; lastKnownFileType = image.pdf; path = "Column String.pdf"; sourceTree = "<group>"; };
		33C3D2571716276A001A4B08 /* Column StringExpression.pdf */ = {isa = PBXFileReference; lastKnownFileType = image.pdf; path = "Column StringExpression.pdf"; sourceTree = "<group>"; };
		33C3D2601716277F001A4B08 /* Column Binary.pdf */ = {isa = PBXFileReference; lastKnownFileType = image.pdf; path = "Column Binary.pdf"; sourceTree = "<group>"; };
		33C3D2611716277F001A4B08 /* Binary Column.pdf */ = {isa = PBXFileReference; lastKnownFileType = image.pdf; path = "Binary Column.pdf"; sourceTree = "<group>"; };
		33C3D2621716277F001A4B08 /* Binary Column.png */ = {isa = PBXFileReference; lastKnownFileType = image.png; path = "Binary Column.png"; sourceTree = "<group>"; };
		33C3D2631716277F001A4B08 /* Binary Column@2x.png */ = {isa = PBXFileReference; lastKnownFileType = image.png; path = "Binary Column@2x.png"; sourceTree = "<group>"; };
		33C3D26817162794001A4B08 /* Expression Column.pdf */ = {isa = PBXFileReference; lastKnownFileType = image.pdf; path = "Expression Column.pdf"; sourceTree = "<group>"; };
		33C3D26917162794001A4B08 /* Expression Column.png */ = {isa = PBXFileReference; lastKnownFileType = image.png; path = "Expression Column.png"; sourceTree = "<group>"; };
		33C3D26A17162794001A4B08 /* Expression Column@2x.png */ = {isa = PBXFileReference; lastKnownFileType = image.png; path = "Expression Column@2x.png"; sourceTree = "<group>"; };
		33C3D26E171627B6001A4B08 /* Collapser Command Close.pdf */ = {isa = PBXFileReference; lastKnownFileType = image.pdf; path = "Collapser Command Close.pdf"; sourceTree = "<group>"; };
		33C3D26F171627B6001A4B08 /* Collapser Command Open Big.pdf */ = {isa = PBXFileReference; lastKnownFileType = image.pdf; path = "Collapser Command Open Big.pdf"; sourceTree = "<group>"; };
		33C3D270171627B6001A4B08 /* Collapser Command Open.pdf */ = {isa = PBXFileReference; lastKnownFileType = image.pdf; path = "Collapser Command Open.pdf"; sourceTree = "<group>"; };
		33C3D271171627B6001A4B08 /* Collapser Command Open Big16.png */ = {isa = PBXFileReference; lastKnownFileType = image.png; path = "Collapser Command Open Big16.png"; sourceTree = "<group>"; };
		33C3D272171627B6001A4B08 /* Collapser Command Open Big24.png */ = {isa = PBXFileReference; lastKnownFileType = image.png; path = "Collapser Command Open Big24.png"; sourceTree = "<group>"; };
		33C3D273171627B6001A4B08 /* Collapser Command Open Big32.png */ = {isa = PBXFileReference; lastKnownFileType = image.png; path = "Collapser Command Open Big32.png"; sourceTree = "<group>"; };
		33C3D274171627B6001A4B08 /* FieldCommand16.png */ = {isa = PBXFileReference; lastKnownFileType = image.png; path = FieldCommand16.png; sourceTree = "<group>"; };
		33C3D275171627B6001A4B08 /* FieldCommand24.png */ = {isa = PBXFileReference; lastKnownFileType = image.png; path = FieldCommand24.png; sourceTree = "<group>"; };
		33C3D276171627B6001A4B08 /* FieldCommand32.png */ = {isa = PBXFileReference; lastKnownFileType = image.png; path = FieldCommand32.png; sourceTree = "<group>"; };
		33EDBC21178780D8007926EC /* en */ = {isa = PBXFileReference; lastKnownFileType = file.xib; name = en; path = en.lproj/MainMenu.xib; sourceTree = "<group>"; };
		BE058AE216002FEB009FFB26 /* HNNSNotificationStrings.h */ = {isa = PBXFileReference; fileEncoding = 4; lastKnownFileType = sourcecode.c.h; path = HNNSNotificationStrings.h; sourceTree = "<group>"; };
		BE058AE316002FEB009FFB26 /* HNNSNotificationStrings.m */ = {isa = PBXFileReference; fileEncoding = 4; lastKnownFileType = sourcecode.c.objc; path = HNNSNotificationStrings.m; sourceTree = "<group>"; };
		BE07039715EEAA3B00F4CB13 /* HNTabViewController.h */ = {isa = PBXFileReference; fileEncoding = 4; lastKnownFileType = sourcecode.c.h; path = HNTabViewController.h; sourceTree = "<group>"; };
		BE07039815EEAA3B00F4CB13 /* HNTabViewController.m */ = {isa = PBXFileReference; fileEncoding = 4; lastKnownFileType = sourcecode.c.objc; path = HNTabViewController.m; sourceTree = "<group>"; };
		BE1789A9162F4535007A1BFC /* Source-Folders.png */ = {isa = PBXFileReference; lastKnownFileType = image.png; name = "Source-Folders.png"; path = "Icons/Source-Folders.png"; sourceTree = "<group>"; };
		BE1789AA162F4535007A1BFC /* Source-Folders@2x.png */ = {isa = PBXFileReference; lastKnownFileType = image.png; name = "Source-Folders@2x.png"; path = "Icons/Source-Folders@2x.png"; sourceTree = "<group>"; };
		BE1789AE162F458C007A1BFC /* Source-Experiment.png */ = {isa = PBXFileReference; lastKnownFileType = image.png; name = "Source-Experiment.png"; path = "Icons/Source-Experiment.png"; sourceTree = "<group>"; };
		BE1789AF162F458C007A1BFC /* Source-Experiment@2x.png */ = {isa = PBXFileReference; lastKnownFileType = image.png; name = "Source-Experiment@2x.png"; path = "Icons/Source-Experiment@2x.png"; sourceTree = "<group>"; };
		BE181C7B1630EE3400FE2475 /* icon.iconset */ = {isa = PBXFileReference; lastKnownFileType = folder.iconset; name = icon.iconset; path = Icons/icon.iconset; sourceTree = "<group>"; };
		BE181C7E1630EE6000FE2475 /* icon.iconset */ = {isa = PBXFileReference; lastKnownFileType = folder.iconset; name = icon.iconset; path = ../icon.iconset; sourceTree = "<group>"; };
		BE1B0039160609BD00095785 /* ImageAndTextCell.h */ = {isa = PBXFileReference; fileEncoding = 4; lastKnownFileType = sourcecode.c.h; path = ImageAndTextCell.h; sourceTree = "<group>"; };
		BE1B003A160609BD00095785 /* ImageAndTextCell.m */ = {isa = PBXFileReference; fileEncoding = 4; lastKnownFileType = sourcecode.c.objc; path = ImageAndTextCell.m; sourceTree = "<group>"; };
		BE1B0043160615C200095785 /* Source-Folder.png */ = {isa = PBXFileReference; lastKnownFileType = image.png; name = "Source-Folder.png"; path = "Icons/Source-Folder.png"; sourceTree = "<group>"; };
		BE1B0044160615C200095785 /* Source-Folder@2x.png */ = {isa = PBXFileReference; lastKnownFileType = image.png; name = "Source-Folder@2x.png"; path = "Icons/Source-Folder@2x.png"; sourceTree = "<group>"; };
		BE1B0045160615C200095785 /* Source-Project.png */ = {isa = PBXFileReference; lastKnownFileType = image.png; name = "Source-Project.png"; path = "Icons/Source-Project.png"; sourceTree = "<group>"; };
		BE1B0046160615C200095785 /* Source-Project@2x.png */ = {isa = PBXFileReference; lastKnownFileType = image.png; name = "Source-Project@2x.png"; path = "Icons/Source-Project@2x.png"; sourceTree = "<group>"; };
		BE1B521215CF5C2F00B3E9F0 /* HNOutlineView.h */ = {isa = PBXFileReference; fileEncoding = 4; lastKnownFileType = sourcecode.c.h; path = HNOutlineView.h; sourceTree = "<group>"; };
		BE1B521315CF5C2F00B3E9F0 /* HNOutlineView.m */ = {isa = PBXFileReference; fileEncoding = 4; lastKnownFileType = sourcecode.c.objc; path = HNOutlineView.m; sourceTree = "<group>"; };
		BE1B521415CF5C2F00B3E9F0 /* HNTreeController.h */ = {isa = PBXFileReference; fileEncoding = 4; lastKnownFileType = sourcecode.c.h; path = HNTreeController.h; sourceTree = "<group>"; };
		BE1B521515CF5C2F00B3E9F0 /* HNTreeController.m */ = {isa = PBXFileReference; fileEncoding = 4; lastKnownFileType = sourcecode.c.objc; path = HNTreeController.m; sourceTree = "<group>"; };
		BE219FDA15DD648800BCBEC2 /* HNPasteBoardTypes.h */ = {isa = PBXFileReference; fileEncoding = 4; lastKnownFileType = sourcecode.c.h; path = HNPasteBoardTypes.h; sourceTree = "<group>"; };
		BE219FDB15DD648800BCBEC2 /* HNPasteBoardTypes.m */ = {isa = PBXFileReference; fileEncoding = 4; lastKnownFileType = sourcecode.c.objc; path = HNPasteBoardTypes.m; sourceTree = "<group>"; };
		BE21F53215D1DCC000C968EA /* NSArray_Extensions.h */ = {isa = PBXFileReference; fileEncoding = 4; lastKnownFileType = sourcecode.c.h; path = NSArray_Extensions.h; sourceTree = "<group>"; };
		BE21F53315D1DCC000C968EA /* NSIndexPath_Extensions.h */ = {isa = PBXFileReference; fileEncoding = 4; lastKnownFileType = sourcecode.c.h; path = NSIndexPath_Extensions.h; sourceTree = "<group>"; };
		BE21F53415D1DCC000C968EA /* NSTreeNode_Extensions.h */ = {isa = PBXFileReference; fileEncoding = 4; lastKnownFileType = sourcecode.c.h; path = NSTreeNode_Extensions.h; sourceTree = "<group>"; };
		BE21F53515D1DCC000C968EA /* NSTreeController_Extensions.h */ = {isa = PBXFileReference; fileEncoding = 4; lastKnownFileType = sourcecode.c.h; path = NSTreeController_Extensions.h; sourceTree = "<group>"; };
		BE21F53615D1DCC000C968EA /* NSArray_Extensions.m */ = {isa = PBXFileReference; fileEncoding = 4; lastKnownFileType = sourcecode.c.objc; path = NSArray_Extensions.m; sourceTree = "<group>"; };
		BE21F53715D1DCC000C968EA /* NSTreeController_Extensions.m */ = {isa = PBXFileReference; fileEncoding = 4; lastKnownFileType = sourcecode.c.objc; path = NSTreeController_Extensions.m; sourceTree = "<group>"; };
		BE21F53815D1DCC000C968EA /* NSTreeNode_Extensions.m */ = {isa = PBXFileReference; fileEncoding = 4; lastKnownFileType = sourcecode.c.objc; path = NSTreeNode_Extensions.m; sourceTree = "<group>"; };
		BE21F53915D1DCC000C968EA /* NSIndexPath_Extensions.m */ = {isa = PBXFileReference; fileEncoding = 4; lastKnownFileType = sourcecode.c.objc; path = NSIndexPath_Extensions.m; sourceTree = "<group>"; };
		BE28FB0D1602752100CC9D10 /* InitialGraph.dgraph */ = {isa = PBXFileReference; lastKnownFileType = wrapper; path = InitialGraph.dgraph; sourceTree = "<group>"; };
		BE29C89815C6C53000407DD2 /* GraphBase_A.app */ = {isa = PBXFileReference; explicitFileType = wrapper.application; includeInIndex = 0; path = GraphBase_A.app; sourceTree = BUILT_PRODUCTS_DIR; };
		BE29C89C15C6C53000407DD2 /* Cocoa.framework */ = {isa = PBXFileReference; lastKnownFileType = wrapper.framework; name = Cocoa.framework; path = System/Library/Frameworks/Cocoa.framework; sourceTree = SDKROOT; };
		BE29C89F15C6C53000407DD2 /* AppKit.framework */ = {isa = PBXFileReference; lastKnownFileType = wrapper.framework; name = AppKit.framework; path = System/Library/Frameworks/AppKit.framework; sourceTree = SDKROOT; };
		BE29C8A015C6C53000407DD2 /* CoreData.framework */ = {isa = PBXFileReference; lastKnownFileType = wrapper.framework; name = CoreData.framework; path = System/Library/Frameworks/CoreData.framework; sourceTree = SDKROOT; };
		BE29C8A115C6C53000407DD2 /* Foundation.framework */ = {isa = PBXFileReference; lastKnownFileType = wrapper.framework; name = Foundation.framework; path = System/Library/Frameworks/Foundation.framework; sourceTree = SDKROOT; };
		BE29C8A415C6C53000407DD2 /* GraphBase_A-Info.plist */ = {isa = PBXFileReference; lastKnownFileType = text.plist.xml; path = "GraphBase_A-Info.plist"; sourceTree = "<group>"; };
		BE29C8A615C6C53000407DD2 /* en */ = {isa = PBXFileReference; lastKnownFileType = text.plist.strings; name = en; path = en.lproj/InfoPlist.strings; sourceTree = "<group>"; };
		BE29C8A815C6C53000407DD2 /* main.m */ = {isa = PBXFileReference; lastKnownFileType = sourcecode.c.objc; path = main.m; sourceTree = "<group>"; };
		BE29C8AA15C6C53000407DD2 /* GraphBase_A-Prefix.pch */ = {isa = PBXFileReference; lastKnownFileType = sourcecode.c.h; path = "GraphBase_A-Prefix.pch"; sourceTree = "<group>"; };
		BE29C8AC15C6C53000407DD2 /* en */ = {isa = PBXFileReference; lastKnownFileType = text.rtf; name = en; path = en.lproj/Credits.rtf; sourceTree = "<group>"; };
		BE29C8AE15C6C53000407DD2 /* HNAppDelegate.h */ = {isa = PBXFileReference; lastKnownFileType = sourcecode.c.h; path = HNAppDelegate.h; sourceTree = "<group>"; };
		BE29C8AF15C6C53000407DD2 /* HNAppDelegate.m */ = {isa = PBXFileReference; lastKnownFileType = sourcecode.c.objc; path = HNAppDelegate.m; sourceTree = "<group>"; };
		BE29C8BC15C6C53000407DD2 /* GraphBase_ATests.octest */ = {isa = PBXFileReference; explicitFileType = wrapper.cfbundle; includeInIndex = 0; path = GraphBase_ATests.octest; sourceTree = BUILT_PRODUCTS_DIR; };
		BE29C8BD15C6C53000407DD2 /* SenTestingKit.framework */ = {isa = PBXFileReference; lastKnownFileType = wrapper.framework; name = SenTestingKit.framework; path = Library/Frameworks/SenTestingKit.framework; sourceTree = DEVELOPER_DIR; };
		BE29C8C415C6C53000407DD2 /* GraphBase_ATests-Info.plist */ = {isa = PBXFileReference; lastKnownFileType = text.plist.xml; path = "GraphBase_ATests-Info.plist"; sourceTree = "<group>"; };
		BE29C8C615C6C53000407DD2 /* en */ = {isa = PBXFileReference; lastKnownFileType = text.plist.strings; name = en; path = en.lproj/InfoPlist.strings; sourceTree = "<group>"; };
		BE29C8C815C6C53000407DD2 /* GraphBase_ATests.h */ = {isa = PBXFileReference; lastKnownFileType = sourcecode.c.h; path = GraphBase_ATests.h; sourceTree = "<group>"; };
		BE29C8C915C6C53000407DD2 /* GraphBase_ATests.m */ = {isa = PBXFileReference; lastKnownFileType = sourcecode.c.objc; path = GraphBase_ATests.m; sourceTree = "<group>"; };
		BE29C8CF15C6C53000407DD2 /* GraphBase_AImporter.mdimporter */ = {isa = PBXFileReference; explicitFileType = wrapper.cfbundle; includeInIndex = 0; path = GraphBase_AImporter.mdimporter; sourceTree = BUILT_PRODUCTS_DIR; };
		BE29C8D315C6C53000407DD2 /* CoreServices.framework */ = {isa = PBXFileReference; lastKnownFileType = wrapper.framework; name = CoreServices.framework; path = System/Library/Frameworks/CoreServices.framework; sourceTree = SDKROOT; };
		BE29C8D515C6C53000407DD2 /* CoreFoundation.framework */ = {isa = PBXFileReference; lastKnownFileType = wrapper.framework; name = CoreFoundation.framework; path = System/Library/Frameworks/CoreFoundation.framework; sourceTree = SDKROOT; };
		BE29C8D715C6C53000407DD2 /* CoreData.framework */ = {isa = PBXFileReference; lastKnownFileType = wrapper.framework; name = CoreData.framework; path = System/Library/Frameworks/CoreData.framework; sourceTree = SDKROOT; };
		BE29C8D915C6C53000407DD2 /* Foundation.framework */ = {isa = PBXFileReference; lastKnownFileType = wrapper.framework; name = Foundation.framework; path = System/Library/Frameworks/Foundation.framework; sourceTree = SDKROOT; };
		BE29C8DD15C6C53000407DD2 /* GraphBase_AImporter-Info.plist */ = {isa = PBXFileReference; lastKnownFileType = text.plist.xml; path = "GraphBase_AImporter-Info.plist"; sourceTree = "<group>"; };
		BE29C8DF15C6C53000407DD2 /* en */ = {isa = PBXFileReference; lastKnownFileType = text.plist.strings; name = en; path = en.lproj/InfoPlist.strings; sourceTree = "<group>"; };
		BE29C8E115C6C53000407DD2 /* main.c */ = {isa = PBXFileReference; lastKnownFileType = sourcecode.c.c; path = main.c; sourceTree = "<group>"; };
		BE29C8E315C6C53000407DD2 /* GetMetadataForFile.m */ = {isa = PBXFileReference; lastKnownFileType = sourcecode.c.objc; path = GetMetadataForFile.m; sourceTree = "<group>"; };
		BE29C8E515C6C53000407DD2 /* MySpotlightImporter.h */ = {isa = PBXFileReference; lastKnownFileType = sourcecode.c.h; path = MySpotlightImporter.h; sourceTree = "<group>"; };
		BE29C8E615C6C53000407DD2 /* MySpotlightImporter.m */ = {isa = PBXFileReference; lastKnownFileType = sourcecode.c.objc; path = MySpotlightImporter.m; sourceTree = "<group>"; };
		BE29C8E815C6C53000407DD2 /* Importer Read Me.txt */ = {isa = PBXFileReference; lastKnownFileType = text; path = "Importer Read Me.txt"; sourceTree = "<group>"; };
		BE29C8E915C6C53000407DD2 /* GraphBase_AImporter-Prefix.pch */ = {isa = PBXFileReference; lastKnownFileType = sourcecode.c.h; path = "GraphBase_AImporter-Prefix.pch"; sourceTree = "<group>"; };
		BE29C8FB15C6C5E900407DD2 /* Tab-Graph.png */ = {isa = PBXFileReference; lastKnownFileType = image.png; name = "Tab-Graph.png"; path = "Icons/Tab-Graph.png"; sourceTree = "<group>"; };
		BE29C8FC15C6C5E900407DD2 /* Tab-Graph@2x.png */ = {isa = PBXFileReference; lastKnownFileType = image.png; name = "Tab-Graph@2x.png"; path = "Icons/Tab-Graph@2x.png"; sourceTree = "<group>"; };
		BE29C90115C6C5E900407DD2 /* Tab-Info.png */ = {isa = PBXFileReference; lastKnownFileType = image.png; name = "Tab-Info.png"; path = "Icons/Tab-Info.png"; sourceTree = "<group>"; };
		BE29C90215C6C5E900407DD2 /* Tab-Info@2x.png */ = {isa = PBXFileReference; lastKnownFileType = image.png; name = "Tab-Info@2x.png"; path = "Icons/Tab-Info@2x.png"; sourceTree = "<group>"; };
		BE29C90715C6C5E900407DD2 /* Tab-Parser.png */ = {isa = PBXFileReference; lastKnownFileType = image.png; name = "Tab-Parser.png"; path = "Icons/Tab-Parser.png"; sourceTree = "<group>"; };
		BE29C90815C6C5E900407DD2 /* Tab-Parser@2x.png */ = {isa = PBXFileReference; lastKnownFileType = image.png; name = "Tab-Parser@2x.png"; path = "Icons/Tab-Parser@2x.png"; sourceTree = "<group>"; };
		BE29C90D15C6C5E900407DD2 /* Tab-Text.png */ = {isa = PBXFileReference; lastKnownFileType = image.png; name = "Tab-Text.png"; path = "Icons/Tab-Text.png"; sourceTree = "<group>"; };
		BE29C90E15C6C5E900407DD2 /* Tab-Text@2x.png */ = {isa = PBXFileReference; lastKnownFileType = image.png; name = "Tab-Text@2x.png"; path = "Icons/Tab-Text@2x.png"; sourceTree = "<group>"; };
		BE29C92415C6C65100407DD2 /* DMTabBar.h */ = {isa = PBXFileReference; fileEncoding = 4; lastKnownFileType = sourcecode.c.h; path = DMTabBar.h; sourceTree = "<group>"; };
		BE29C92515C6C65100407DD2 /* DMTabBar.m */ = {isa = PBXFileReference; fileEncoding = 4; lastKnownFileType = sourcecode.c.objc; path = DMTabBar.m; sourceTree = "<group>"; };
		BE29C92615C6C65100407DD2 /* DMTabBarItem.h */ = {isa = PBXFileReference; fileEncoding = 4; lastKnownFileType = sourcecode.c.h; path = DMTabBarItem.h; sourceTree = "<group>"; };
		BE29C92715C6C65100407DD2 /* DMTabBarItem.m */ = {isa = PBXFileReference; fileEncoding = 4; lastKnownFileType = sourcecode.c.objc; path = DMTabBarItem.m; sourceTree = "<group>"; };
		BE29C93015C6D5E400407DD2 /* HNPreferencePanelWindowController.h */ = {isa = PBXFileReference; fileEncoding = 4; lastKnownFileType = sourcecode.c.h; path = HNPreferencePanelWindowController.h; sourceTree = "<group>"; };
		BE29C93115C6D5E400407DD2 /* HNPreferencePanelWindowController.m */ = {isa = PBXFileReference; fileEncoding = 4; lastKnownFileType = sourcecode.c.objc; path = HNPreferencePanelWindowController.m; sourceTree = "<group>"; };
		BE29C93215C6D5E400407DD2 /* HNPreferencePanelWindowController.xib */ = {isa = PBXFileReference; fileEncoding = 4; lastKnownFileType = file.xib; path = HNPreferencePanelWindowController.xib; sourceTree = "<group>"; };
		BE33BEA615E82D1A00160888 /* ParsedDataCollector.h */ = {isa = PBXFileReference; fileEncoding = 4; lastKnownFileType = sourcecode.c.h; path = ParsedDataCollector.h; sourceTree = "<group>"; };
		BE33BEA715E82D1A00160888 /* ParsedDataCollector.m */ = {isa = PBXFileReference; fileEncoding = 4; lastKnownFileType = sourcecode.c.objc; path = ParsedDataCollector.m; sourceTree = "<group>"; };
		BE43912115F62A6300DDDE28 /* NSString_HNExtensions.h */ = {isa = PBXFileReference; lastKnownFileType = sourcecode.c.h; path = NSString_HNExtensions.h; sourceTree = "<group>"; };
		BE554B6815D955740048CD8A /* HNDataParser.h */ = {isa = PBXFileReference; fileEncoding = 4; lastKnownFileType = sourcecode.c.h; path = HNDataParser.h; sourceTree = "<group>"; };
		BE554B6915D955740048CD8A /* HNDataParser.m */ = {isa = PBXFileReference; fileEncoding = 4; lastKnownFileType = sourcecode.c.objc; path = HNDataParser.m; sourceTree = "<group>"; };
		BE56530D1654106C001ECA9C /* HNCollectionType.h */ = {isa = PBXFileReference; fileEncoding = 4; lastKnownFileType = sourcecode.c.h; path = HNCollectionType.h; sourceTree = "<group>"; };
		BE56530E1654106C001ECA9C /* HNCollectionType.m */ = {isa = PBXFileReference; fileEncoding = 4; lastKnownFileType = sourcecode.c.objc; path = HNCollectionType.m; sourceTree = "<group>"; };
		BE59FA0B165747320017E8C2 /* DocumentIcon - ParseTemplate.png */ = {isa = PBXFileReference; lastKnownFileType = image.png; name = "DocumentIcon - ParseTemplate.png"; path = "Icons/DocumentIcon - ParseTemplate.png"; sourceTree = "<group>"; };
		BE66F7B815E7AA8900F845D6 /* HNDataViewController.m */ = {isa = PBXFileReference; fileEncoding = 4; lastKnownFileType = sourcecode.c.objc; path = HNDataViewController.m; sourceTree = "<group>"; };
		BE6F18F416080EA200D38F0A /* Tab-Collections.png */ = {isa = PBXFileReference; lastKnownFileType = image.png; name = "Tab-Collections.png"; path = "Icons/Tab-Collections.png"; sourceTree = "<group>"; };
		BE6F18F516080EA200D38F0A /* Tab-Collections@2x.png */ = {isa = PBXFileReference; lastKnownFileType = image.png; name = "Tab-Collections@2x.png"; path = "Icons/Tab-Collections@2x.png"; sourceTree = "<group>"; };
		BE6F237615F048B40075B01A /* HNCoreDataHeaders.h */ = {isa = PBXFileReference; fileEncoding = 4; lastKnownFileType = sourcecode.c.h; path = HNCoreDataHeaders.h; sourceTree = "<group>"; };
		BE730DB115EFF9E0001D324E /* HNAppDelegateAsDataSource.h */ = {isa = PBXFileReference; lastKnownFileType = sourcecode.c.h; path = HNAppDelegateAsDataSource.h; sourceTree = "<group>"; };
		BE82B7D715FC2FDA0002BFE7 /* HNGraphTemplate.h */ = {isa = PBXFileReference; fileEncoding = 4; lastKnownFileType = sourcecode.c.h; path = HNGraphTemplate.h; sourceTree = "<group>"; };
		BE82B7D815FC2FDA0002BFE7 /* HNGraphTemplate.m */ = {isa = PBXFileReference; fileEncoding = 4; lastKnownFileType = sourcecode.c.objc; path = HNGraphTemplate.m; sourceTree = "<group>"; };
		BE82B7DA15FC2FDA0002BFE7 /* HNTreeNode.h */ = {isa = PBXFileReference; fileEncoding = 4; lastKnownFileType = sourcecode.c.h; path = HNTreeNode.h; sourceTree = "<group>"; };
		BE82B7DB15FC2FDA0002BFE7 /* HNTreeNode.m */ = {isa = PBXFileReference; fileEncoding = 4; lastKnownFileType = sourcecode.c.objc; path = HNTreeNode.m; sourceTree = "<group>"; };
		BE82B7DD15FC2FDA0002BFE7 /* HNDataItem.h */ = {isa = PBXFileReference; fileEncoding = 4; lastKnownFileType = sourcecode.c.h; path = HNDataItem.h; sourceTree = "<group>"; };
		BE82B7DE15FC2FDA0002BFE7 /* HNDataItem.m */ = {isa = PBXFileReference; fileEncoding = 4; lastKnownFileType = sourcecode.c.objc; path = HNDataItem.m; sourceTree = "<group>"; };
		BE87651516089F1D00302C2C /* HNParseTemplate.h */ = {isa = PBXFileReference; fileEncoding = 4; lastKnownFileType = sourcecode.c.h; path = HNParseTemplate.h; sourceTree = "<group>"; };
		BE87651616089F1D00302C2C /* HNParseTemplate.m */ = {isa = PBXFileReference; fileEncoding = 4; lastKnownFileType = sourcecode.c.objc; path = HNParseTemplate.m; sourceTree = "<group>"; };
		BE883A9215DC8F33001A8EB4 /* GraphBase_A_model.xcdatamodel */ = {isa = PBXFileReference; lastKnownFileType = wrapper.xcdatamodel; path = GraphBase_A_model.xcdatamodel; sourceTree = "<group>"; };
		BE8B3A5A15FBA05A000A687A /* HNTreeNodeArrayController.h */ = {isa = PBXFileReference; fileEncoding = 4; lastKnownFileType = sourcecode.c.h; path = HNTreeNodeArrayController.h; sourceTree = "<group>"; };
		BE8B3A5B15FBA05A000A687A /* HNTreeNodeArrayController.m */ = {isa = PBXFileReference; fileEncoding = 4; lastKnownFileType = sourcecode.c.objc; path = HNTreeNodeArrayController.m; sourceTree = "<group>"; };
		BE91282F161B6F0D00D31698 /* NSApplication_HNExtensions.h */ = {isa = PBXFileReference; lastKnownFileType = sourcecode.c.h; path = NSApplication_HNExtensions.h; sourceTree = "<group>"; };
		BE912834161BA54E00D31698 /* NSValue+HNExtensions.h */ = {isa = PBXFileReference; fileEncoding = 4; lastKnownFileType = sourcecode.c.h; path = "NSValue+HNExtensions.h"; sourceTree = "<group>"; };
		BE912835161BA54E00D31698 /* NSValue+HNExtensions.m */ = {isa = PBXFileReference; fileEncoding = 4; lastKnownFileType = sourcecode.c.objc; path = "NSValue+HNExtensions.m"; sourceTree = "<group>"; };
		BE9540F415FFFB7B00F34516 /* HNAddRemoveItemsButton.h */ = {isa = PBXFileReference; fileEncoding = 4; lastKnownFileType = sourcecode.c.h; path = HNAddRemoveItemsButton.h; sourceTree = "<group>"; };
		BE9540F515FFFB7B00F34516 /* HNAddRemoveItemsButton.m */ = {isa = PBXFileReference; fileEncoding = 4; lastKnownFileType = sourcecode.c.objc; path = HNAddRemoveItemsButton.m; sourceTree = "<group>"; };
		BE98FCD915F8481E00E83637 /* NSArrayController_HNExtensions.h */ = {isa = PBXFileReference; lastKnownFileType = sourcecode.c.h; path = NSArrayController_HNExtensions.h; sourceTree = "<group>"; };
		BE991D8B1632E1DC00A1307D /* hnGlobalKeyEquivalents.m */ = {isa = PBXFileReference; fileEncoding = 4; lastKnownFileType = sourcecode.c.objc; path = hnGlobalKeyEquivalents.m; sourceTree = "<group>"; };
		BE9C3F00162613C700973FDA /* GraphBaseIcon.icns */ = {isa = PBXFileReference; lastKnownFileType = image.icns; name = GraphBaseIcon.icns; path = ../GraphBaseIcon.icns; sourceTree = "<group>"; };
		BEA07F27161A8DA600FA850A /* HNUserDefaultStrings.h */ = {isa = PBXFileReference; fileEncoding = 4; lastKnownFileType = sourcecode.c.h; path = HNUserDefaultStrings.h; sourceTree = "<group>"; };
		BEA07F28161A8DA600FA850A /* HNUserDefaultStrings.m */ = {isa = PBXFileReference; fileEncoding = 4; lastKnownFileType = sourcecode.c.objc; path = HNUserDefaultStrings.m; sourceTree = "<group>"; };
		BEA7394615DC806300087113 /* HNAddCollectionsButton.h */ = {isa = PBXFileReference; fileEncoding = 4; lastKnownFileType = sourcecode.c.h; path = HNAddCollectionsButton.h; sourceTree = "<group>"; };
		BEA7394715DC806300087113 /* HNAddCollectionsButton.m */ = {isa = PBXFileReference; fileEncoding = 4; lastKnownFileType = sourcecode.c.objc; path = HNAddCollectionsButton.m; sourceTree = "<group>"; };
		BEB06CC415DB1C8C00C295A6 /* TestData.txt */ = {isa = PBXFileReference; fileEncoding = 4; lastKnownFileType = text; path = TestData.txt; sourceTree = "<group>"; };
		BEB2E10215D48A0E003AB11C /* DataGraph.framework */ = {isa = PBXFileReference; lastKnownFileType = wrapper.framework; name = DataGraph.framework; path = ../../datagraph/DataGraph.framework; sourceTree = "<group>"; };
		BEB8F90715E80D04002D48AD /* CSVParser.h */ = {isa = PBXFileReference; fileEncoding = 4; lastKnownFileType = sourcecode.c.h; path = CSVParser.h; sourceTree = "<group>"; };
		BEB8F90815E80D04002D48AD /* CSVParser.m */ = {isa = PBXFileReference; fileEncoding = 4; lastKnownFileType = sourcecode.c.objc; path = CSVParser.m; sourceTree = "<group>"; };
		BEBA9128160353B1007A88D7 /* HNMenuItem.h */ = {isa = PBXFileReference; fileEncoding = 4; lastKnownFileType = sourcecode.c.h; path = HNMenuItem.h; sourceTree = "<group>"; };
		BEBA9129160353B1007A88D7 /* HNMenuItem.m */ = {isa = PBXFileReference; fileEncoding = 4; lastKnownFileType = sourcecode.c.objc; path = HNMenuItem.m; sourceTree = "<group>"; };
		BEC9273F160BED4B0080367E /* HNMenuBarController.h */ = {isa = PBXFileReference; fileEncoding = 4; lastKnownFileType = sourcecode.c.h; path = HNMenuBarController.h; sourceTree = "<group>"; };
		BEC92740160BED4B0080367E /* HNMenuBarController.m */ = {isa = PBXFileReference; fileEncoding = 4; lastKnownFileType = sourcecode.c.objc; path = HNMenuBarController.m; sourceTree = "<group>"; };
		BECE35BB160B974900B8F701 /* HNDataTableView.h */ = {isa = PBXFileReference; fileEncoding = 4; lastKnownFileType = sourcecode.c.h; path = HNDataTableView.h; sourceTree = "<group>"; };
		BECE35BC160B974900B8F701 /* HNDataTableView.m */ = {isa = PBXFileReference; fileEncoding = 4; lastKnownFileType = sourcecode.c.objc; path = HNDataTableView.m; sourceTree = "<group>"; };
		BED0604C161E270900509274 /* EmptyGraph.dgraph */ = {isa = PBXFileReference; lastKnownFileType = wrapper; path = EmptyGraph.dgraph; sourceTree = "<group>"; };
		BED152FC15D59A6E000D2172 /* PreCompiledHeaders.h */ = {isa = PBXFileReference; fileEncoding = 4; lastKnownFileType = sourcecode.c.h; path = PreCompiledHeaders.h; sourceTree = "<group>"; };
		BED152FD15D67BEB000D2172 /* Tab-Table.png */ = {isa = PBXFileReference; lastKnownFileType = image.png; name = "Tab-Table.png"; path = "Icons/Tab-Table.png"; sourceTree = "<group>"; };
		BED152FE15D67BEB000D2172 /* Tab-Table@2x.png */ = {isa = PBXFileReference; lastKnownFileType = image.png; name = "Tab-Table@2x.png"; path = "Icons/Tab-Table@2x.png"; sourceTree = "<group>"; };
		BED16538163205B70042A0BE /* HNAppDelegate+HNCoreDataManagement.h */ = {isa = PBXFileReference; fileEncoding = 4; lastKnownFileType = sourcecode.c.h; path = "HNAppDelegate+HNCoreDataManagement.h"; sourceTree = "<group>"; };
		BED16539163205B70042A0BE /* HNAppDelegate+HNCoreDataManagement.m */ = {isa = PBXFileReference; fileEncoding = 4; lastKnownFileType = sourcecode.c.objc; path = "HNAppDelegate+HNCoreDataManagement.m"; sourceTree = "<group>"; };
		BED3B34C15E2A3D30096C774 /* DMTabBarDelegate.h */ = {isa = PBXFileReference; lastKnownFileType = sourcecode.c.h; name = DMTabBarDelegate.h; path = ../DMTabBarDelegate.h; sourceTree = "<group>"; };
		BED57F7A15F7ED250011AA38 /* Identifiers - paletteView_parseDetails.txt */ = {isa = PBXFileReference; fileEncoding = 4; lastKnownFileType = text; path = "Identifiers - paletteView_parseDetails.txt"; sourceTree = "<group>"; };
		BEDD54B815EE6DA500049BD0 /* DMPaletteContainer.h */ = {isa = PBXFileReference; fileEncoding = 4; lastKnownFileType = sourcecode.c.h; path = DMPaletteContainer.h; sourceTree = "<group>"; };
		BEDD54B915EE6DA500049BD0 /* DMPaletteContainer.m */ = {isa = PBXFileReference; fileEncoding = 4; lastKnownFileType = sourcecode.c.objc; path = DMPaletteContainer.m; sourceTree = "<group>"; };
		BEDD54BA15EE6DA500049BD0 /* DMPaletteSectionView.h */ = {isa = PBXFileReference; fileEncoding = 4; lastKnownFileType = sourcecode.c.h; path = DMPaletteSectionView.h; sourceTree = "<group>"; };
		BEDD54BB15EE6DA500049BD0 /* DMPaletteSectionView.m */ = {isa = PBXFileReference; fileEncoding = 4; lastKnownFileType = sourcecode.c.objc; path = DMPaletteSectionView.m; sourceTree = "<group>"; };
		BEE122B51636E83900C27C1B /* NSManagedObjectContext_HNmocExtension.h */ = {isa = PBXFileReference; lastKnownFileType = sourcecode.c.h; path = NSManagedObjectContext_HNmocExtension.h; sourceTree = "<group>"; };
		BEE122B71636EDAD00C27C1B /* NSManagedObject_HNmoExtension.h */ = {isa = PBXFileReference; lastKnownFileType = sourcecode.c.h; path = NSManagedObject_HNmoExtension.h; sourceTree = "<group>"; };
		BEE60517168F8A8F00CF1215 /* HNSplitViewController.h */ = {isa = PBXFileReference; fileEncoding = 4; lastKnownFileType = sourcecode.c.h; path = HNSplitViewController.h; sourceTree = "<group>"; };
		BEE60518168F8A8F00CF1215 /* HNSplitViewController.m */ = {isa = PBXFileReference; fileEncoding = 4; lastKnownFileType = sourcecode.c.objc; path = HNSplitViewController.m; sourceTree = "<group>"; };
		BEFE6B9F15EEA6D100D1C979 /* HNDataViewController.h */ = {isa = PBXFileReference; fileEncoding = 4; lastKnownFileType = sourcecode.c.h; path = HNDataViewController.h; sourceTree = "<group>"; };
		BEFE6BA015EEA8BC00D1C979 /* HNSourceViewController.h */ = {isa = PBXFileReference; fileEncoding = 4; lastKnownFileType = sourcecode.c.h; path = HNSourceViewController.h; sourceTree = "<group>"; };
		BEFE6BA115EEA8BC00D1C979 /* HNSourceViewController.m */ = {isa = PBXFileReference; fileEncoding = 4; lastKnownFileType = sourcecode.c.objc; path = HNSourceViewController.m; sourceTree = "<group>"; };
/* End PBXFileReference section */

/* Begin PBXFrameworksBuildPhase section */
		BE29C89515C6C53000407DD2 /* Frameworks */ = {
			isa = PBXFrameworksBuildPhase;
			buildActionMask = 2147483647;
			files = (
				331C7FDF167A452700CB2D59 /* AppKit.framework in Frameworks */,
				BEB2E10315D48A0E003AB11C /* DataGraph.framework in Frameworks */,
				BE29C89D15C6C53000407DD2 /* Cocoa.framework in Frameworks */,
			);
			runOnlyForDeploymentPostprocessing = 0;
		};
		BE29C8B815C6C53000407DD2 /* Frameworks */ = {
			isa = PBXFrameworksBuildPhase;
			buildActionMask = 2147483647;
			files = (
				BE29C8BE15C6C53000407DD2 /* SenTestingKit.framework in Frameworks */,
				BE29C8BF15C6C53000407DD2 /* Cocoa.framework in Frameworks */,
			);
			runOnlyForDeploymentPostprocessing = 0;
		};
		BE29C8CC15C6C53000407DD2 /* Frameworks */ = {
			isa = PBXFrameworksBuildPhase;
			buildActionMask = 2147483647;
			files = (
				BE29C8D415C6C53000407DD2 /* CoreServices.framework in Frameworks */,
				BE29C8D615C6C53000407DD2 /* CoreFoundation.framework in Frameworks */,
				BE29C8D815C6C53000407DD2 /* CoreData.framework in Frameworks */,
				BE29C8DA15C6C53000407DD2 /* Foundation.framework in Frameworks */,
			);
			runOnlyForDeploymentPostprocessing = 0;
		};
/* End PBXFrameworksBuildPhase section */

/* Begin PBXGroup section */
		330EF611166FE74D00493FBB /* Accessory Views */ = {
			isa = PBXGroup;
			children = (
				330EF612166FE77600493FBB /* HNAccessoryView.h */,
				330EF613166FE77600493FBB /* HNAccessoryView.m */,
			);
			name = "Accessory Views";
			sourceTree = "<group>";
		};
		3334FD97166FD02600CDA6B2 /* Line Numbers */ = {
			isa = PBXGroup;
			children = (
				3334FD99166FD03700CDA6B2 /* MarkerLineNumberView.h */,
				3334FD9A166FD03700CDA6B2 /* MarkerLineNumberView.m */,
				3334FD9B166FD03700CDA6B2 /* NoodleLineNumberMarker.h */,
				3334FD9C166FD03700CDA6B2 /* NoodleLineNumberMarker.m */,
				3334FD9D166FD03700CDA6B2 /* NoodleLineNumberView.h */,
				3334FD9E166FD03700CDA6B2 /* NoodleLineNumberView.m */,
			);
			name = "Line Numbers";
			sourceTree = "<group>";
		};
		338659731709F39100E8BDA4 /* UI Images and Icons */ = {
			isa = PBXGroup;
			children = (
				33798076170A24B300A5F14C /* HNIconImage.h */,
			);
			name = "UI Images and Icons";
			sourceTree = "<group>";
		};
		33C3D24717162741001A4B08 /* DataGraph Icons */ = {
			isa = PBXGroup;
			children = (
				33C3D26E171627B6001A4B08 /* Collapser Command Close.pdf */,
				33C3D26F171627B6001A4B08 /* Collapser Command Open Big.pdf */,
				33C3D270171627B6001A4B08 /* Collapser Command Open.pdf */,
				33C3D271171627B6001A4B08 /* Collapser Command Open Big16.png */,
				33C3D272171627B6001A4B08 /* Collapser Command Open Big24.png */,
				33C3D273171627B6001A4B08 /* Collapser Command Open Big32.png */,
				33C3D274171627B6001A4B08 /* FieldCommand16.png */,
				33C3D275171627B6001A4B08 /* FieldCommand24.png */,
				33C3D276171627B6001A4B08 /* FieldCommand32.png */,
				33C3D26817162794001A4B08 /* Expression Column.pdf */,
				33C3D26917162794001A4B08 /* Expression Column.png */,
				33C3D26A17162794001A4B08 /* Expression Column@2x.png */,
				33C3D2601716277F001A4B08 /* Column Binary.pdf */,
				33C3D2611716277F001A4B08 /* Binary Column.pdf */,
				33C3D2621716277F001A4B08 /* Binary Column.png */,
				33C3D2631716277F001A4B08 /* Binary Column@2x.png */,
				33C3D2501716276A001A4B08 /* String Column.png */,
				33C3D2511716276A001A4B08 /* String Column@2x.png */,
				33C3D2521716276A001A4B08 /* String Expression Column.pdf */,
				33C3D2531716276A001A4B08 /* String Expression Column.png */,
				33C3D2541716276A001A4B08 /* String Expression Column@2x.png */,
				33C3D2551716276A001A4B08 /* Parameter - String.png */,
				33C3D2561716276A001A4B08 /* Column String.pdf */,
				33C3D2571716276A001A4B08 /* Column StringExpression.pdf */,
				33C3D24817162754001A4B08 /* Date Column.png */,
				33C3D24917162754001A4B08 /* Date Column@2x.png */,
				33C3D24A17162754001A4B08 /* Date Column.pdf */,
				33C3D24B17162754001A4B08 /* Column Date.pdf */,
			);
			name = "DataGraph Icons";
			sourceTree = "<group>";
		};
		33FAE6CB172880CD0027C25D /* Label */ = {
			isa = PBXGroup;
			children = (
				3396600817161797004C38E9 /* HNTextFieldLabel.h */,
				3396600917161797004C38E9 /* HNTextFieldLabel.m */,
			);
			name = Label;
			sourceTree = "<group>";
		};
		BE0344D715CF00F400823F47 /* Core Data */ = {
			isa = PBXGroup;
			children = (
				BE883A9115DC8F33001A8EB4 /* GraphBase_A.xcdatamodeld */,
				BE6F237615F048B40075B01A /* HNCoreDataHeaders.h */,
				BE56530D1654106C001ECA9C /* HNCollectionType.h */,
				BE56530E1654106C001ECA9C /* HNCollectionType.m */,
				BE82B7DD15FC2FDA0002BFE7 /* HNDataItem.h */,
				BE82B7DE15FC2FDA0002BFE7 /* HNDataItem.m */,
				BE82B7DA15FC2FDA0002BFE7 /* HNTreeNode.h */,
				BE82B7DB15FC2FDA0002BFE7 /* HNTreeNode.m */,
				BE82B7D715FC2FDA0002BFE7 /* HNGraphTemplate.h */,
				BE82B7D815FC2FDA0002BFE7 /* HNGraphTemplate.m */,
				BE87651516089F1D00302C2C /* HNParseTemplate.h */,
				BE87651616089F1D00302C2C /* HNParseTemplate.m */,
				BEE122B81636EFF300C27C1B /* Core Data Extensions */,
			);
			name = "Core Data";
			sourceTree = "<group>";
		};
		BE0344E915CF1D7A00823F47 /* Outline View */ = {
			isa = PBXGroup;
			children = (
				BE1B0039160609BD00095785 /* ImageAndTextCell.h */,
				BE1B003A160609BD00095785 /* ImageAndTextCell.m */,
				BE1B521215CF5C2F00B3E9F0 /* HNOutlineView.h */,
				BE1B521315CF5C2F00B3E9F0 /* HNOutlineView.m */,
			);
			name = "Outline View";
			sourceTree = "<group>";
		};
		BE29C88D15C6C53000407DD2 = {
			isa = PBXGroup;
			children = (
				BE29C8A215C6C53000407DD2 /* GraphBase_A */,
				BE29C89B15C6C53000407DD2 /* Frameworks */,
				BE29C8C215C6C53000407DD2 /* GraphBase_ATests */,
				BE29C8DB15C6C53000407DD2 /* GraphBase_AImporter */,
				BE29C89915C6C53000407DD2 /* Products */,
			);
			sourceTree = "<group>";
		};
		BE29C89915C6C53000407DD2 /* Products */ = {
			isa = PBXGroup;
			children = (
				BE29C89815C6C53000407DD2 /* GraphBase_A.app */,
				BE29C8BC15C6C53000407DD2 /* GraphBase_ATests.octest */,
				BE29C8CF15C6C53000407DD2 /* GraphBase_AImporter.mdimporter */,
			);
			name = Products;
			sourceTree = "<group>";
		};
		BE29C89B15C6C53000407DD2 /* Frameworks */ = {
			isa = PBXGroup;
			children = (
				BE29C89C15C6C53000407DD2 /* Cocoa.framework */,
				BEB2E10215D48A0E003AB11C /* DataGraph.framework */,
				BE29C8BD15C6C53000407DD2 /* SenTestingKit.framework */,
				BE29C8D315C6C53000407DD2 /* CoreServices.framework */,
				BE29C8D515C6C53000407DD2 /* CoreFoundation.framework */,
				BE29C8D715C6C53000407DD2 /* CoreData.framework */,
				BE29C8D915C6C53000407DD2 /* Foundation.framework */,
				BE29C89E15C6C53000407DD2 /* Other Frameworks */,
			);
			name = Frameworks;
			sourceTree = "<group>";
		};
		BE29C89E15C6C53000407DD2 /* Other Frameworks */ = {
			isa = PBXGroup;
			children = (
				BE29C89F15C6C53000407DD2 /* AppKit.framework */,
				BE29C8A015C6C53000407DD2 /* CoreData.framework */,
				BE29C8A115C6C53000407DD2 /* Foundation.framework */,
			);
			name = "Other Frameworks";
			sourceTree = "<group>";
		};
		BE29C8A215C6C53000407DD2 /* GraphBase_A */ = {
			isa = PBXGroup;
			children = (
				BE2F70E715D33F8A007656B3 /* App Delegates */,
				BE0344D715CF00F400823F47 /* Core Data */,
				BECE35B8160B971100B8F701 /* Data Controllers */,
				BE4EFD5215D02CD4003DDE4B /* Extensions and Categories */,
				BE9F6D5A15DD8B6A00C93247 /* Global Variables */,
				BE554B6615D955540048CD8A /* Parsing Data */,
				BE29C92E15C6D29900407DD2 /* UI Classes */,
				338659731709F39100E8BDA4 /* UI Images and Icons */,
				BE29C92D15C6D28500407DD2 /* XIB Files */,
				BE29C8A315C6C53000407DD2 /* Supporting Files */,
			);
			path = GraphBase_A;
			sourceTree = "<group>";
		};
		BE29C8A315C6C53000407DD2 /* Supporting Files */ = {
			isa = PBXGroup;
			children = (
				BED0604C161E270900509274 /* EmptyGraph.dgraph */,
				BE28FB0D1602752100CC9D10 /* InitialGraph.dgraph */,
				BE29C8F515C6C56500407DD2 /* Images */,
				BEB06CC415DB1C8C00C295A6 /* TestData.txt */,
				BED57F7A15F7ED250011AA38 /* Identifiers - paletteView_parseDetails.txt */,
				BE29C8A415C6C53000407DD2 /* GraphBase_A-Info.plist */,
				BE29C8A515C6C53000407DD2 /* InfoPlist.strings */,
				BE29C8A815C6C53000407DD2 /* main.m */,
				BE29C8AA15C6C53000407DD2 /* GraphBase_A-Prefix.pch */,
				BE29C8AB15C6C53000407DD2 /* Credits.rtf */,
			);
			name = "Supporting Files";
			sourceTree = "<group>";
		};
		BE29C8C215C6C53000407DD2 /* GraphBase_ATests */ = {
			isa = PBXGroup;
			children = (
				BE29C8C815C6C53000407DD2 /* GraphBase_ATests.h */,
				BE29C8C915C6C53000407DD2 /* GraphBase_ATests.m */,
				BE29C8C315C6C53000407DD2 /* Supporting Files */,
			);
			path = GraphBase_ATests;
			sourceTree = "<group>";
		};
		BE29C8C315C6C53000407DD2 /* Supporting Files */ = {
			isa = PBXGroup;
			children = (
				BE29C8C415C6C53000407DD2 /* GraphBase_ATests-Info.plist */,
				BE29C8C515C6C53000407DD2 /* InfoPlist.strings */,
			);
			name = "Supporting Files";
			sourceTree = "<group>";
		};
		BE29C8DB15C6C53000407DD2 /* GraphBase_AImporter */ = {
			isa = PBXGroup;
			children = (
				BE29C8E315C6C53000407DD2 /* GetMetadataForFile.m */,
				BE29C8E515C6C53000407DD2 /* MySpotlightImporter.h */,
				BE29C8E615C6C53000407DD2 /* MySpotlightImporter.m */,
				BE29C8E815C6C53000407DD2 /* Importer Read Me.txt */,
				BE29C8DC15C6C53000407DD2 /* Supporting Files */,
			);
			path = GraphBase_AImporter;
			sourceTree = "<group>";
		};
		BE29C8DC15C6C53000407DD2 /* Supporting Files */ = {
			isa = PBXGroup;
			children = (
				BE29C8DD15C6C53000407DD2 /* GraphBase_AImporter-Info.plist */,
				BE29C8DE15C6C53000407DD2 /* InfoPlist.strings */,
				BE29C8E115C6C53000407DD2 /* main.c */,
				BE29C8E915C6C53000407DD2 /* GraphBase_AImporter-Prefix.pch */,
			);
			name = "Supporting Files";
			sourceTree = "<group>";
		};
		BE29C8F515C6C56500407DD2 /* Images */ = {
			isa = PBXGroup;
			children = (
				BE181C7E1630EE6000FE2475 /* icon.iconset */,
				BE9C3F00162613C700973FDA /* GraphBaseIcon.icns */,
				BE29C8F615C6C57000407DD2 /* Icons */,
			);
			name = Images;
			sourceTree = "<group>";
		};
		BE29C8F615C6C57000407DD2 /* Icons */ = {
			isa = PBXGroup;
			children = (
				33C3D24717162741001A4B08 /* DataGraph Icons */,
				BE59FA0B165747320017E8C2 /* DocumentIcon - ParseTemplate.png */,
				BE181C7B1630EE3400FE2475 /* icon.iconset */,
				BE1789AE162F458C007A1BFC /* Source-Experiment.png */,
				BE1789AF162F458C007A1BFC /* Source-Experiment@2x.png */,
				BE1B0043160615C200095785 /* Source-Folder.png */,
				BE1B0044160615C200095785 /* Source-Folder@2x.png */,
				BE1789A9162F4535007A1BFC /* Source-Folders.png */,
				BE1789AA162F4535007A1BFC /* Source-Folders@2x.png */,
				BE1B0045160615C200095785 /* Source-Project.png */,
				BE1B0046160615C200095785 /* Source-Project@2x.png */,
				BE6F18F416080EA200D38F0A /* Tab-Collections.png */,
				BE6F18F516080EA200D38F0A /* Tab-Collections@2x.png */,
				BE29C8FB15C6C5E900407DD2 /* Tab-Graph.png */,
				BE29C8FC15C6C5E900407DD2 /* Tab-Graph@2x.png */,
				BE29C90115C6C5E900407DD2 /* Tab-Info.png */,
				BE29C90215C6C5E900407DD2 /* Tab-Info@2x.png */,
				BE29C90715C6C5E900407DD2 /* Tab-Parser.png */,
				BE29C90815C6C5E900407DD2 /* Tab-Parser@2x.png */,
				BED152FD15D67BEB000D2172 /* Tab-Table.png */,
				BED152FE15D67BEB000D2172 /* Tab-Table@2x.png */,
				BE29C90D15C6C5E900407DD2 /* Tab-Text.png */,
				BE29C90E15C6C5E900407DD2 /* Tab-Text@2x.png */,
			);
			name = Icons;
			sourceTree = "<group>";
		};
		BE29C92C15C6C65E00407DD2 /* Tab Bar */ = {
			isa = PBXGroup;
			children = (
				BE29C92415C6C65100407DD2 /* DMTabBar.h */,
				BE29C92515C6C65100407DD2 /* DMTabBar.m */,
				BED3B34C15E2A3D30096C774 /* DMTabBarDelegate.h */,
				BE29C92615C6C65100407DD2 /* DMTabBarItem.h */,
				BE29C92715C6C65100407DD2 /* DMTabBarItem.m */,
			);
			name = "Tab Bar";
			sourceTree = "<group>";
		};
		BE29C92D15C6D28500407DD2 /* XIB Files */ = {
			isa = PBXGroup;
			children = (
				BE29C93215C6D5E400407DD2 /* HNPreferencePanelWindowController.xib */,
				33EDBC20178780D8007926EC /* MainMenu.xib */,
				330EF60E166FE3C300493FBB /* AccessoryView - Open Data Panel.xib */,
			);
			name = "XIB Files";
			sourceTree = "<group>";
		};
		BE29C92E15C6D29900407DD2 /* UI Classes */ = {
			isa = PBXGroup;
			children = (
				33FAE6CB172880CD0027C25D /* Label */,
				330EF611166FE74D00493FBB /* Accessory Views */,
				BEEF083315FECC9500CABADC /* Buttons */,
				BEB4FB891691166700ABFD55 /* BWToolKit */,
				3334FD97166FD02600CDA6B2 /* Line Numbers */,
				BEC9273D160BED300080367E /* Menu Bar */,
				BE674AD215EBFA7700A5C21C /* Inspector Palette */,
				BE0344E915CF1D7A00823F47 /* Outline View */,
				BE29C92F15C6D43500407DD2 /* Preferences */,
				BEE6051B168F8AA100CF1215 /* SplitView */,
				BE29C92C15C6C65E00407DD2 /* Tab Bar */,
				BECE35BA160B973000B8F701 /* Table View */,
			);
			name = "UI Classes";
			sourceTree = "<group>";
		};
		BE29C92F15C6D43500407DD2 /* Preferences */ = {
			isa = PBXGroup;
			children = (
				BE29C93015C6D5E400407DD2 /* HNPreferencePanelWindowController.h */,
				BE29C93115C6D5E400407DD2 /* HNPreferencePanelWindowController.m */,
			);
			name = Preferences;
			sourceTree = "<group>";
		};
		BE2F70E715D33F8A007656B3 /* App Delegates */ = {
			isa = PBXGroup;
			children = (
				BE29C8AE15C6C53000407DD2 /* HNAppDelegate.h */,
				BE29C8AF15C6C53000407DD2 /* HNAppDelegate.m */,
				BED16538163205B70042A0BE /* HNAppDelegate+HNCoreDataManagement.h */,
				BED16539163205B70042A0BE /* HNAppDelegate+HNCoreDataManagement.m */,
				BE730DAC15EFEF52001D324E /* View Controllers */,
				BEF3FE7015EEAE60004C6D72 /* Controller Protocols */,
			);
			name = "App Delegates";
			sourceTree = "<group>";
		};
		BE4EFD5215D02CD4003DDE4B /* Extensions and Categories */ = {
			isa = PBXGroup;
			children = (
				BE91282F161B6F0D00D31698 /* NSApplication_HNExtensions.h */,
				BE21F53215D1DCC000C968EA /* NSArray_Extensions.h */,
				BE21F53615D1DCC000C968EA /* NSArray_Extensions.m */,
				BE98FCD915F8481E00E83637 /* NSArrayController_HNExtensions.h */,
				BE21F53315D1DCC000C968EA /* NSIndexPath_Extensions.h */,
				BE21F53915D1DCC000C968EA /* NSIndexPath_Extensions.m */,
				BE43912115F62A6300DDDE28 /* NSString_HNExtensions.h */,
				BE21F53415D1DCC000C968EA /* NSTreeNode_Extensions.h */,
				BE21F53815D1DCC000C968EA /* NSTreeNode_Extensions.m */,
				BE21F53515D1DCC000C968EA /* NSTreeController_Extensions.h */,
				BE21F53715D1DCC000C968EA /* NSTreeController_Extensions.m */,
				BE912834161BA54E00D31698 /* NSValue+HNExtensions.h */,
				BE912835161BA54E00D31698 /* NSValue+HNExtensions.m */,
			);
			name = "Extensions and Categories";
			sourceTree = "<group>";
		};
		BE554B6615D955540048CD8A /* Parsing Data */ = {
			isa = PBXGroup;
			children = (
				BEB8F90715E80D04002D48AD /* CSVParser.h */,
				BEB8F90815E80D04002D48AD /* CSVParser.m */,
				BE554B6815D955740048CD8A /* HNDataParser.h */,
				BE554B6915D955740048CD8A /* HNDataParser.m */,
				BE33BEA615E82D1A00160888 /* ParsedDataCollector.h */,
				BE33BEA715E82D1A00160888 /* ParsedDataCollector.m */,
			);
			name = "Parsing Data";
			sourceTree = "<group>";
		};
		BE674AD215EBFA7700A5C21C /* Inspector Palette */ = {
			isa = PBXGroup;
			children = (
				BEDD54B815EE6DA500049BD0 /* DMPaletteContainer.h */,
				BEDD54B915EE6DA500049BD0 /* DMPaletteContainer.m */,
				BEDD54BA15EE6DA500049BD0 /* DMPaletteSectionView.h */,
				BEDD54BB15EE6DA500049BD0 /* DMPaletteSectionView.m */,
			);
			name = "Inspector Palette";
			sourceTree = "<group>";
		};
		BE730DAC15EFEF52001D324E /* View Controllers */ = {
			isa = PBXGroup;
			children = (
				BEFE6B9F15EEA6D100D1C979 /* HNDataViewController.h */,
				BE66F7B815E7AA8900F845D6 /* HNDataViewController.m */,
				BEE60517168F8A8F00CF1215 /* HNSplitViewController.h */,
				BEE60518168F8A8F00CF1215 /* HNSplitViewController.m */,
				BEFE6BA015EEA8BC00D1C979 /* HNSourceViewController.h */,
				BEFE6BA115EEA8BC00D1C979 /* HNSourceViewController.m */,
				BE07039715EEAA3B00F4CB13 /* HNTabViewController.h */,
				BE07039815EEAA3B00F4CB13 /* HNTabViewController.m */,
			);
			name = "View Controllers";
			sourceTree = "<group>";
		};
		BE9F6D5A15DD8B6A00C93247 /* Global Variables */ = {
			isa = PBXGroup;
			children = (
				BED152FC15D59A6E000D2172 /* PreCompiledHeaders.h */,
				BE058AE216002FEB009FFB26 /* HNNSNotificationStrings.h */,
				BE058AE316002FEB009FFB26 /* HNNSNotificationStrings.m */,
				BE219FDA15DD648800BCBEC2 /* HNPasteBoardTypes.h */,
				BE219FDB15DD648800BCBEC2 /* HNPasteBoardTypes.m */,
				BEA07F27161A8DA600FA850A /* HNUserDefaultStrings.h */,
				BEA07F28161A8DA600FA850A /* HNUserDefaultStrings.m */,
				330C7F92171DE1ED00FD912C /* hnGlobalKeyEquivalents.h */,
				BE991D8B1632E1DC00A1307D /* hnGlobalKeyEquivalents.m */,
			);
			name = "Global Variables";
			sourceTree = "<group>";
		};
		BEB4FB891691166700ABFD55 /* BWToolKit */ = {
			isa = PBXGroup;
			children = (
			);
			name = BWToolKit;
			sourceTree = "<group>";
		};
		BEC9273D160BED300080367E /* Menu Bar */ = {
			isa = PBXGroup;
			children = (
				BEC9273F160BED4B0080367E /* HNMenuBarController.h */,
				BEC92740160BED4B0080367E /* HNMenuBarController.m */,
			);
			name = "Menu Bar";
			sourceTree = "<group>";
		};
		BECE35B8160B971100B8F701 /* Data Controllers */ = {
			isa = PBXGroup;
			children = (
				BE1B521415CF5C2F00B3E9F0 /* HNTreeController.h */,
				BE1B521515CF5C2F00B3E9F0 /* HNTreeController.m */,
				BE8B3A5A15FBA05A000A687A /* HNTreeNodeArrayController.h */,
				BE8B3A5B15FBA05A000A687A /* HNTreeNodeArrayController.m */,
			);
			name = "Data Controllers";
			sourceTree = "<group>";
		};
		BECE35BA160B973000B8F701 /* Table View */ = {
			isa = PBXGroup;
			children = (
				BECE35BB160B974900B8F701 /* HNDataTableView.h */,
				BECE35BC160B974900B8F701 /* HNDataTableView.m */,
			);
			name = "Table View";
			sourceTree = "<group>";
		};
		BEE122B81636EFF300C27C1B /* Core Data Extensions */ = {
			isa = PBXGroup;
			children = (
				BEE122B51636E83900C27C1B /* NSManagedObjectContext_HNmocExtension.h */,
				BEE122B71636EDAD00C27C1B /* NSManagedObject_HNmoExtension.h */,
			);
			name = "Core Data Extensions";
			sourceTree = "<group>";
		};
		BEE6051B168F8AA100CF1215 /* SplitView */ = {
			isa = PBXGroup;
			children = (
			);
			name = SplitView;
			sourceTree = "<group>";
		};
		BEEF083315FECC9500CABADC /* Buttons */ = {
			isa = PBXGroup;
			children = (
				BEBA9128160353B1007A88D7 /* HNMenuItem.h */,
				BEBA9129160353B1007A88D7 /* HNMenuItem.m */,
				BE9540F415FFFB7B00F34516 /* HNAddRemoveItemsButton.h */,
				BE9540F515FFFB7B00F34516 /* HNAddRemoveItemsButton.m */,
				BEA7394615DC806300087113 /* HNAddCollectionsButton.h */,
				BEA7394715DC806300087113 /* HNAddCollectionsButton.m */,
			);
			name = Buttons;
			sourceTree = "<group>";
		};
		BEF3FE7015EEAE60004C6D72 /* Controller Protocols */ = {
			isa = PBXGroup;
			children = (
				BE730DB115EFF9E0001D324E /* HNAppDelegateAsDataSource.h */,
			);
			name = "Controller Protocols";
			sourceTree = "<group>";
		};
/* End PBXGroup section */

/* Begin PBXNativeTarget section */
		BE29C89715C6C53000407DD2 /* GraphBase_A */ = {
			isa = PBXNativeTarget;
			buildConfigurationList = BE29C8EF15C6C53000407DD2 /* Build configuration list for PBXNativeTarget "GraphBase_A" */;
			buildPhases = (
				BE29C89415C6C53000407DD2 /* Sources */,
				BE29C89515C6C53000407DD2 /* Frameworks */,
				BE29C89615C6C53000407DD2 /* Resources */,
				BEB2E10515D48C8E003AB11C /* CopyFiles */,
			);
			buildRules = (
			);
			dependencies = (
				BE29C8D115C6C53000407DD2 /* PBXTargetDependency */,
			);
			name = GraphBase_A;
			productName = GraphBase_A;
			productReference = BE29C89815C6C53000407DD2 /* GraphBase_A.app */;
			productType = "com.apple.product-type.application";
		};
		BE29C8BB15C6C53000407DD2 /* GraphBase_ATests */ = {
			isa = PBXNativeTarget;
			buildConfigurationList = BE29C8F215C6C53000407DD2 /* Build configuration list for PBXNativeTarget "GraphBase_ATests" */;
			buildPhases = (
				BE29C8B715C6C53000407DD2 /* Sources */,
				BE29C8B815C6C53000407DD2 /* Frameworks */,
				BE29C8B915C6C53000407DD2 /* Resources */,
				BE29C8BA15C6C53000407DD2 /* ShellScript */,
			);
			buildRules = (
			);
			dependencies = (
				BE29C8C115C6C53000407DD2 /* PBXTargetDependency */,
			);
			name = GraphBase_ATests;
			productName = GraphBase_ATests;
			productReference = BE29C8BC15C6C53000407DD2 /* GraphBase_ATests.octest */;
			productType = "com.apple.product-type.bundle";
		};
		BE29C8CE15C6C53000407DD2 /* GraphBase_AImporter */ = {
			isa = PBXNativeTarget;
			buildConfigurationList = BE29C8EC15C6C53000407DD2 /* Build configuration list for PBXNativeTarget "GraphBase_AImporter" */;
			buildPhases = (
				BE29C8CB15C6C53000407DD2 /* Sources */,
				BE29C8CC15C6C53000407DD2 /* Frameworks */,
				BE29C8CD15C6C53000407DD2 /* Resources */,
			);
			buildRules = (
			);
			dependencies = (
			);
			name = GraphBase_AImporter;
			productName = GraphBase_AImporter;
			productReference = BE29C8CF15C6C53000407DD2 /* GraphBase_AImporter.mdimporter */;
			productType = "com.apple.product-type.bundle";
		};
/* End PBXNativeTarget section */

/* Begin PBXProject section */
		BE29C88F15C6C53000407DD2 /* Project object */ = {
			isa = PBXProject;
			attributes = {
				CLASSPREFIX = HN;
				LastUpgradeCheck = 0460;
				ORGANIZATIONNAME = "Owen Hildreth";
			};
			buildConfigurationList = BE29C89215C6C53000407DD2 /* Build configuration list for PBXProject "GraphBase_A" */;
			compatibilityVersion = "Xcode 3.2";
			developmentRegion = English;
			hasScannedForEncodings = 0;
			knownRegions = (
				en,
			);
			mainGroup = BE29C88D15C6C53000407DD2;
			productRefGroup = BE29C89915C6C53000407DD2 /* Products */;
			projectDirPath = "";
			projectRoot = "";
			targets = (
				BE29C89715C6C53000407DD2 /* GraphBase_A */,
				BE29C8BB15C6C53000407DD2 /* GraphBase_ATests */,
				BE29C8CE15C6C53000407DD2 /* GraphBase_AImporter */,
			);
		};
/* End PBXProject section */

/* Begin PBXResourcesBuildPhase section */
		BE29C89615C6C53000407DD2 /* Resources */ = {
			isa = PBXResourcesBuildPhase;
			buildActionMask = 2147483647;
			files = (
				BE29C8A715C6C53000407DD2 /* InfoPlist.strings in Resources */,
				BE29C8AD15C6C53000407DD2 /* Credits.rtf in Resources */,
				BE29C8D215C6C53000407DD2 /* GraphBase_AImporter.mdimporter in Resources */,
				BE29C91115C6C5E900407DD2 /* Tab-Graph.png in Resources */,
				BE29C91215C6C5E900407DD2 /* Tab-Graph@2x.png in Resources */,
				BE29C91515C6C5E900407DD2 /* Tab-Info.png in Resources */,
				BE29C91615C6C5E900407DD2 /* Tab-Info@2x.png in Resources */,
				BE29C91915C6C5E900407DD2 /* Tab-Parser.png in Resources */,
				BE29C91A15C6C5E900407DD2 /* Tab-Parser@2x.png in Resources */,
				BE29C91D15C6C5E900407DD2 /* Tab-Text.png in Resources */,
				BE29C91E15C6C5E900407DD2 /* Tab-Text@2x.png in Resources */,
				BE29C93515C6D5E400407DD2 /* HNPreferencePanelWindowController.xib in Resources */,
				BED152FF15D67BEB000D2172 /* Tab-Table.png in Resources */,
				BED1530015D67BEB000D2172 /* Tab-Table@2x.png in Resources */,
				BEB06CC515DB1C8C00C295A6 /* TestData.txt in Resources */,
				BED57F7B15F7ED250011AA38 /* Identifiers - paletteView_parseDetails.txt in Resources */,
				BE28FB0E1602752100CC9D10 /* InitialGraph.dgraph in Resources */,
				BE1B0049160615C200095785 /* Source-Folder.png in Resources */,
				BE1B004A160615C200095785 /* Source-Folder@2x.png in Resources */,
				BE1B004B160615C200095785 /* Source-Project.png in Resources */,
				BE1B004C160615C200095785 /* Source-Project@2x.png in Resources */,
				BE6F18F616080EA200D38F0A /* Tab-Collections.png in Resources */,
				BE6F18F716080EA200D38F0A /* Tab-Collections@2x.png in Resources */,
				BED0604D161E270A00509274 /* EmptyGraph.dgraph in Resources */,
				BE9C3F01162613C700973FDA /* GraphBaseIcon.icns in Resources */,
				BE1789AB162F4535007A1BFC /* Source-Folders.png in Resources */,
				BE1789AC162F4535007A1BFC /* Source-Folders@2x.png in Resources */,
				BE1789B0162F458C007A1BFC /* Source-Experiment.png in Resources */,
				BE1789B1162F458C007A1BFC /* Source-Experiment@2x.png in Resources */,
				BE181C7C1630EE3400FE2475 /* icon.iconset in Resources */,
				BE181C7F1630EE6000FE2475 /* icon.iconset in Resources */,
				BE59FA0C165747320017E8C2 /* DocumentIcon - ParseTemplate.png in Resources */,
				330EF60F166FE3C300493FBB /* AccessoryView - Open Data Panel.xib in Resources */,
				33C3D24C17162754001A4B08 /* Date Column.png in Resources */,
				33C3D24D17162754001A4B08 /* Date Column@2x.png in Resources */,
				33C3D24E17162754001A4B08 /* Date Column.pdf in Resources */,
				33C3D24F17162754001A4B08 /* Column Date.pdf in Resources */,
				33C3D2581716276A001A4B08 /* String Column.png in Resources */,
				33C3D2591716276A001A4B08 /* String Column@2x.png in Resources */,
				33C3D25A1716276A001A4B08 /* String Expression Column.pdf in Resources */,
				33C3D25B1716276A001A4B08 /* String Expression Column.png in Resources */,
				33C3D25C1716276A001A4B08 /* String Expression Column@2x.png in Resources */,
				33C3D25D1716276A001A4B08 /* Parameter - String.png in Resources */,
				33C3D25E1716276A001A4B08 /* Column String.pdf in Resources */,
				33C3D25F1716276A001A4B08 /* Column StringExpression.pdf in Resources */,
				33C3D2641716277F001A4B08 /* Column Binary.pdf in Resources */,
				33C3D2651716277F001A4B08 /* Binary Column.pdf in Resources */,
				33C3D2661716277F001A4B08 /* Binary Column.png in Resources */,
				33C3D2671716277F001A4B08 /* Binary Column@2x.png in Resources */,
				33C3D26B17162794001A4B08 /* Expression Column.pdf in Resources */,
				33C3D26C17162794001A4B08 /* Expression Column.png in Resources */,
				33C3D26D17162794001A4B08 /* Expression Column@2x.png in Resources */,
				33C3D277171627B6001A4B08 /* Collapser Command Close.pdf in Resources */,
				33C3D278171627B6001A4B08 /* Collapser Command Open Big.pdf in Resources */,
				33C3D279171627B6001A4B08 /* Collapser Command Open.pdf in Resources */,
				33C3D27A171627B6001A4B08 /* Collapser Command Open Big16.png in Resources */,
				33C3D27B171627B6001A4B08 /* Collapser Command Open Big24.png in Resources */,
				33C3D27C171627B6001A4B08 /* Collapser Command Open Big32.png in Resources */,
				33C3D27D171627B6001A4B08 /* FieldCommand16.png in Resources */,
				33C3D27E171627B6001A4B08 /* FieldCommand24.png in Resources */,
				33C3D27F171627B6001A4B08 /* FieldCommand32.png in Resources */,
				33EDBC22178780D8007926EC /* MainMenu.xib in Resources */,
			);
			runOnlyForDeploymentPostprocessing = 0;
		};
		BE29C8B915C6C53000407DD2 /* Resources */ = {
			isa = PBXResourcesBuildPhase;
			buildActionMask = 2147483647;
			files = (
				BE29C8C715C6C53000407DD2 /* InfoPlist.strings in Resources */,
				BE29C93615C6D5E400407DD2 /* HNPreferencePanelWindowController.xib in Resources */,
			);
			runOnlyForDeploymentPostprocessing = 0;
		};
		BE29C8CD15C6C53000407DD2 /* Resources */ = {
			isa = PBXResourcesBuildPhase;
			buildActionMask = 2147483647;
			files = (
				BE29C8E015C6C53000407DD2 /* InfoPlist.strings in Resources */,
			);
			runOnlyForDeploymentPostprocessing = 0;
		};
/* End PBXResourcesBuildPhase section */

/* Begin PBXShellScriptBuildPhase section */
		BE29C8BA15C6C53000407DD2 /* ShellScript */ = {
			isa = PBXShellScriptBuildPhase;
			buildActionMask = 2147483647;
			files = (
			);
			inputPaths = (
			);
			outputPaths = (
			);
			runOnlyForDeploymentPostprocessing = 0;
			shellPath = /bin/sh;
			shellScript = "# Run the unit tests in this test bundle.\n\"${SYSTEM_DEVELOPER_DIR}/Tools/RunUnitTests\"\n";
		};
/* End PBXShellScriptBuildPhase section */

/* Begin PBXSourcesBuildPhase section */
		BE29C89415C6C53000407DD2 /* Sources */ = {
			isa = PBXSourcesBuildPhase;
			buildActionMask = 2147483647;
			files = (
				BE29C8A915C6C53000407DD2 /* main.m in Sources */,
				BE29C8B015C6C53000407DD2 /* HNAppDelegate.m in Sources */,
				BE29C92815C6C65100407DD2 /* DMTabBar.m in Sources */,
				BE29C92A15C6C65100407DD2 /* DMTabBarItem.m in Sources */,
				BE79CA7915D15F2A003D2EE7 /* HNOutlineView.m in Sources */,
				BE29C93315C6D5E400407DD2 /* HNPreferencePanelWindowController.m in Sources */,
				BE79CA7B15D15FDB003D2EE7 /* HNTreeController.m in Sources */,
				BE21F54215D1E94100C968EA /* NSArray_Extensions.m in Sources */,
				BE21F54315D1E94100C968EA /* NSIndexPath_Extensions.m in Sources */,
				BE21F54415D1E94100C968EA /* NSTreeNode_Extensions.m in Sources */,
				BE21F54515D1E94100C968EA /* NSTreeController_Extensions.m in Sources */,
				BE554B6A15D955740048CD8A /* HNDataParser.m in Sources */,
				BEA7394815DC806300087113 /* HNAddCollectionsButton.m in Sources */,
				BE883A9315DC8F33001A8EB4 /* GraphBase_A.xcdatamodeld in Sources */,
				BE219FDC15DD648800BCBEC2 /* HNPasteBoardTypes.m in Sources */,
				BE66F7B915E7AA8900F845D6 /* HNDataViewController.m in Sources */,
				BE33BEA815E82D1A00160888 /* ParsedDataCollector.m in Sources */,
				BEDD54BC15EE6DA500049BD0 /* DMPaletteContainer.m in Sources */,
				BEDD54BE15EE6DA500049BD0 /* DMPaletteSectionView.m in Sources */,
				BEFE6BA215EEA8BC00D1C979 /* HNSourceViewController.m in Sources */,
				BE07039915EEAA3B00F4CB13 /* HNTabViewController.m in Sources */,
				BE8B3A5C15FBA05A000A687A /* HNTreeNodeArrayController.m in Sources */,
				BE82B7D915FC2FDA0002BFE7 /* HNGraphTemplate.m in Sources */,
				BE82B7DC15FC2FDA0002BFE7 /* HNTreeNode.m in Sources */,
				BE82B7DF15FC2FDA0002BFE7 /* HNDataItem.m in Sources */,
				BE9540F615FFFB7B00F34516 /* HNAddRemoveItemsButton.m in Sources */,
				BE058AE416002FEB009FFB26 /* HNNSNotificationStrings.m in Sources */,
				BEBA912A160353B1007A88D7 /* HNMenuItem.m in Sources */,
				BE1B003B160609BD00095785 /* ImageAndTextCell.m in Sources */,
				BE87651716089F1D00302C2C /* HNParseTemplate.m in Sources */,
				BECE35BD160B974900B8F701 /* HNDataTableView.m in Sources */,
				BEC92741160BED4B0080367E /* HNMenuBarController.m in Sources */,
				BEA07F29161A8DA600FA850A /* HNUserDefaultStrings.m in Sources */,
				BE912836161BA54E00D31698 /* NSValue+HNExtensions.m in Sources */,
				BED1653A163205B70042A0BE /* HNAppDelegate+HNCoreDataManagement.m in Sources */,
				BE991D8C1632E1DC00A1307D /* hnGlobalKeyEquivalents.m in Sources */,
				BE56530F1654106C001ECA9C /* HNCollectionType.m in Sources */,
				3334FD9F166FD03700CDA6B2 /* MarkerLineNumberView.m in Sources */,
				3334FDA0166FD03700CDA6B2 /* NoodleLineNumberMarker.m in Sources */,
				3334FDA1166FD03700CDA6B2 /* NoodleLineNumberView.m in Sources */,
				330EF614166FE77600493FBB /* HNAccessoryView.m in Sources */,
				BEE60519168F8A8F00CF1215 /* HNSplitViewController.m in Sources */,
				3396600A17161797004C38E9 /* HNTextFieldLabel.m in Sources */,
			);
			runOnlyForDeploymentPostprocessing = 0;
		};
		BE29C8B715C6C53000407DD2 /* Sources */ = {
			isa = PBXSourcesBuildPhase;
			buildActionMask = 2147483647;
			files = (
				BE29C8CA15C6C53000407DD2 /* GraphBase_ATests.m in Sources */,
				BE29C92915C6C65100407DD2 /* DMTabBar.m in Sources */,
				BE29C92B15C6C65100407DD2 /* DMTabBarItem.m in Sources */,
				BE29C93415C6D5E400407DD2 /* HNPreferencePanelWindowController.m in Sources */,
				BE1B521615CF5C2F00B3E9F0 /* HNOutlineView.m in Sources */,
				BE1B521715CF5C2F00B3E9F0 /* HNTreeController.m in Sources */,
				BE21F53A15D1DCC000C968EA /* NSArray_Extensions.m in Sources */,
				BE21F53B15D1DCC000C968EA /* NSTreeController_Extensions.m in Sources */,
				BE21F53C15D1DCC000C968EA /* NSTreeNode_Extensions.m in Sources */,
				BE21F53D15D1DCC000C968EA /* NSIndexPath_Extensions.m in Sources */,
				BEB8F90915E80D04002D48AD /* CSVParser.m in Sources */,
				BEDD54BD15EE6DA500049BD0 /* DMPaletteContainer.m in Sources */,
				BEDD54BF15EE6DA500049BD0 /* DMPaletteSectionView.m in Sources */,
				BEFE6BA315EEA8BC00D1C979 /* HNSourceViewController.m in Sources */,
				BE07039A15EEAA3B00F4CB13 /* HNTabViewController.m in Sources */,
				BE058AE516002FEB009FFB26 /* HNNSNotificationStrings.m in Sources */,
				BEBA912B160353B1007A88D7 /* HNMenuItem.m in Sources */,
				BE1B003C160609BD00095785 /* ImageAndTextCell.m in Sources */,
			);
			runOnlyForDeploymentPostprocessing = 0;
		};
		BE29C8CB15C6C53000407DD2 /* Sources */ = {
			isa = PBXSourcesBuildPhase;
			buildActionMask = 2147483647;
			files = (
				BE29C8E215C6C53000407DD2 /* main.c in Sources */,
				BE29C8E415C6C53000407DD2 /* GetMetadataForFile.m in Sources */,
				BE29C8E715C6C53000407DD2 /* MySpotlightImporter.m in Sources */,
				BE058AE616002FEB009FFB26 /* HNNSNotificationStrings.m in Sources */,
			);
			runOnlyForDeploymentPostprocessing = 0;
		};
/* End PBXSourcesBuildPhase section */

/* Begin PBXTargetDependency section */
		BE29C8C115C6C53000407DD2 /* PBXTargetDependency */ = {
			isa = PBXTargetDependency;
			target = BE29C89715C6C53000407DD2 /* GraphBase_A */;
			targetProxy = BE29C8C015C6C53000407DD2 /* PBXContainerItemProxy */;
		};
		BE29C8D115C6C53000407DD2 /* PBXTargetDependency */ = {
			isa = PBXTargetDependency;
			target = BE29C8CE15C6C53000407DD2 /* GraphBase_AImporter */;
			targetProxy = BE29C8D015C6C53000407DD2 /* PBXContainerItemProxy */;
		};
/* End PBXTargetDependency section */

/* Begin PBXVariantGroup section */
		33EDBC20178780D8007926EC /* MainMenu.xib */ = {
			isa = PBXVariantGroup;
			children = (
				33EDBC21178780D8007926EC /* en */,
			);
			name = MainMenu.xib;
			sourceTree = "<group>";
		};
		BE29C8A515C6C53000407DD2 /* InfoPlist.strings */ = {
			isa = PBXVariantGroup;
			children = (
				BE29C8A615C6C53000407DD2 /* en */,
			);
			name = InfoPlist.strings;
			sourceTree = "<group>";
		};
		BE29C8AB15C6C53000407DD2 /* Credits.rtf */ = {
			isa = PBXVariantGroup;
			children = (
				BE29C8AC15C6C53000407DD2 /* en */,
			);
			name = Credits.rtf;
			sourceTree = "<group>";
		};
		BE29C8C515C6C53000407DD2 /* InfoPlist.strings */ = {
			isa = PBXVariantGroup;
			children = (
				BE29C8C615C6C53000407DD2 /* en */,
			);
			name = InfoPlist.strings;
			sourceTree = "<group>";
		};
		BE29C8DE15C6C53000407DD2 /* InfoPlist.strings */ = {
			isa = PBXVariantGroup;
			children = (
				BE29C8DF15C6C53000407DD2 /* en */,
			);
			name = InfoPlist.strings;
			sourceTree = "<group>";
		};
/* End PBXVariantGroup section */

/* Begin XCBuildConfiguration section */
		BE29C8EA15C6C53000407DD2 /* Debug */ = {
			isa = XCBuildConfiguration;
			buildSettings = {
				ALWAYS_SEARCH_USER_PATHS = NO;
				ARCHS = "$(ARCHS_STANDARD_64_BIT)";
				CLANG_CXX_LANGUAGE_STANDARD = "gnu++0x";
				CLANG_ENABLE_OBJC_ARC = YES;
				CLANG_WARN__DUPLICATE_METHOD_MATCH = YES;
				COPY_PHASE_STRIP = NO;
				GCC_C_LANGUAGE_STANDARD = gnu99;
				GCC_DYNAMIC_NO_PIC = NO;
				GCC_ENABLE_OBJC_EXCEPTIONS = YES;
				GCC_OPTIMIZATION_LEVEL = 0;
				GCC_PREPROCESSOR_DEFINITIONS = (
					"DEBUG=1",
					"$(inherited)",
				);
				GCC_SYMBOLS_PRIVATE_EXTERN = NO;
				GCC_WARN_64_TO_32_BIT_CONVERSION = YES;
				GCC_WARN_ABOUT_RETURN_TYPE = YES;
				GCC_WARN_UNINITIALIZED_AUTOS = YES;
				GCC_WARN_UNUSED_VARIABLE = YES;
				IBC_WARNINGS = NO;
				MACOSX_DEPLOYMENT_TARGET = 10.8;
				ONLY_ACTIVE_ARCH = YES;
				SDKROOT = macosx;
			};
			name = Debug;
		};
		BE29C8EB15C6C53000407DD2 /* Release */ = {
			isa = XCBuildConfiguration;
			buildSettings = {
				ALWAYS_SEARCH_USER_PATHS = NO;
				ARCHS = "$(ARCHS_STANDARD_64_BIT)";
				CLANG_CXX_LANGUAGE_STANDARD = "gnu++0x";
				CLANG_ENABLE_OBJC_ARC = YES;
				CLANG_WARN__DUPLICATE_METHOD_MATCH = YES;
				COPY_PHASE_STRIP = YES;
				DEBUG_INFORMATION_FORMAT = "dwarf-with-dsym";
				GCC_C_LANGUAGE_STANDARD = gnu99;
				GCC_ENABLE_OBJC_EXCEPTIONS = YES;
				GCC_WARN_64_TO_32_BIT_CONVERSION = YES;
				GCC_WARN_ABOUT_RETURN_TYPE = YES;
				GCC_WARN_UNINITIALIZED_AUTOS = YES;
				GCC_WARN_UNUSED_VARIABLE = YES;
				IBC_WARNINGS = NO;
				MACOSX_DEPLOYMENT_TARGET = 10.8;
				SDKROOT = macosx;
			};
			name = Release;
		};
		BE29C8ED15C6C53000407DD2 /* Debug */ = {
			isa = XCBuildConfiguration;
			buildSettings = {
				ALWAYS_SEARCH_USER_PATHS = YES;
				COMBINE_HIDPI_IMAGES = YES;
				GCC_PRECOMPILE_PREFIX_HEADER = YES;
				GCC_PREFIX_HEADER = "GraphBase_AImporter/GraphBase_AImporter-Prefix.pch";
				INFOPLIST_FILE = "GraphBase_AImporter/GraphBase_AImporter-Info.plist";
				INSTALL_PATH = "@executable_path/../Contents/Library/Spotlight";
				LIBRARY_STYLE = BUNDLE;
				PRODUCT_NAME = "$(TARGET_NAME)";
				SKIP_INSTALL = YES;
				WRAPPER_EXTENSION = mdimporter;
			};
			name = Debug;
		};
		BE29C8EE15C6C53000407DD2 /* Release */ = {
			isa = XCBuildConfiguration;
			buildSettings = {
				ALWAYS_SEARCH_USER_PATHS = YES;
				COMBINE_HIDPI_IMAGES = YES;
				GCC_PRECOMPILE_PREFIX_HEADER = YES;
				GCC_PREFIX_HEADER = "GraphBase_AImporter/GraphBase_AImporter-Prefix.pch";
				INFOPLIST_FILE = "GraphBase_AImporter/GraphBase_AImporter-Info.plist";
				INSTALL_PATH = "@executable_path/../Contents/Library/Spotlight";
				LIBRARY_STYLE = BUNDLE;
				PRODUCT_NAME = "$(TARGET_NAME)";
				SKIP_INSTALL = YES;
				WRAPPER_EXTENSION = mdimporter;
			};
			name = Release;
		};
		BE29C8F015C6C53000407DD2 /* Debug */ = {
			isa = XCBuildConfiguration;
			buildSettings = {
				COMBINE_HIDPI_IMAGES = YES;
				FRAMEWORK_SEARCH_PATHS = (
					"$(inherited)",
					"\"$(SRCROOT)/../../datagraph\"",
				);
				GCC_PRECOMPILE_PREFIX_HEADER = YES;
				GCC_PREFIX_HEADER = "GraphBase_A/GraphBase_A-Prefix.pch";
				GCC_VERSION = com.apple.compilers.llvm.clang.1_0;
				IBC_WARNINGS = NO;
				INFOPLIST_FILE = "GraphBase_A/GraphBase_A-Info.plist";
				PRODUCT_NAME = "$(TARGET_NAME)";
				WRAPPER_EXTENSION = app;
			};
			name = Debug;
		};
		BE29C8F115C6C53000407DD2 /* Release */ = {
			isa = XCBuildConfiguration;
			buildSettings = {
				COMBINE_HIDPI_IMAGES = YES;
				FRAMEWORK_SEARCH_PATHS = (
					"$(inherited)",
					"\"$(SRCROOT)/../../datagraph\"",
				);
				GCC_PRECOMPILE_PREFIX_HEADER = YES;
				GCC_PREFIX_HEADER = "GraphBase_A/GraphBase_A-Prefix.pch";
				GCC_VERSION = com.apple.compilers.llvm.clang.1_0;
				IBC_WARNINGS = NO;
				INFOPLIST_FILE = "GraphBase_A/GraphBase_A-Info.plist";
				PRODUCT_NAME = "$(TARGET_NAME)";
				WRAPPER_EXTENSION = app;
			};
			name = Release;
		};
		BE29C8F315C6C53000407DD2 /* Debug */ = {
			isa = XCBuildConfiguration;
			buildSettings = {
				BUNDLE_LOADER = "$(BUILT_PRODUCTS_DIR)/GraphBase_A.app/Contents/MacOS/GraphBase_A";
				COMBINE_HIDPI_IMAGES = YES;
				FRAMEWORK_SEARCH_PATHS = "\"$(DEVELOPER_LIBRARY_DIR)/Frameworks\"";
				GCC_PRECOMPILE_PREFIX_HEADER = YES;
				GCC_PREFIX_HEADER = "GraphBase_A/GraphBase_A-Prefix.pch";
				INFOPLIST_FILE = "GraphBase_ATests/GraphBase_ATests-Info.plist";
				PRODUCT_NAME = "$(TARGET_NAME)";
				TEST_HOST = "$(BUNDLE_LOADER)";
				WRAPPER_EXTENSION = octest;
			};
			name = Debug;
		};
		BE29C8F415C6C53000407DD2 /* Release */ = {
			isa = XCBuildConfiguration;
			buildSettings = {
				BUNDLE_LOADER = "$(BUILT_PRODUCTS_DIR)/GraphBase_A.app/Contents/MacOS/GraphBase_A";
				COMBINE_HIDPI_IMAGES = YES;
				FRAMEWORK_SEARCH_PATHS = "\"$(DEVELOPER_LIBRARY_DIR)/Frameworks\"";
				GCC_PRECOMPILE_PREFIX_HEADER = YES;
				GCC_PREFIX_HEADER = "GraphBase_A/GraphBase_A-Prefix.pch";
				INFOPLIST_FILE = "GraphBase_ATests/GraphBase_ATests-Info.plist";
				PRODUCT_NAME = "$(TARGET_NAME)";
				TEST_HOST = "$(BUNDLE_LOADER)";
				WRAPPER_EXTENSION = octest;
			};
			name = Release;
		};
/* End XCBuildConfiguration section */

/* Begin XCConfigurationList section */
		BE29C89215C6C53000407DD2 /* Build configuration list for PBXProject "GraphBase_A" */ = {
			isa = XCConfigurationList;
			buildConfigurations = (
				BE29C8EA15C6C53000407DD2 /* Debug */,
				BE29C8EB15C6C53000407DD2 /* Release */,
			);
			defaultConfigurationIsVisible = 0;
			defaultConfigurationName = Release;
		};
		BE29C8EC15C6C53000407DD2 /* Build configuration list for PBXNativeTarget "GraphBase_AImporter" */ = {
			isa = XCConfigurationList;
			buildConfigurations = (
				BE29C8ED15C6C53000407DD2 /* Debug */,
				BE29C8EE15C6C53000407DD2 /* Release */,
			);
			defaultConfigurationIsVisible = 0;
			defaultConfigurationName = Release;
		};
		BE29C8EF15C6C53000407DD2 /* Build configuration list for PBXNativeTarget "GraphBase_A" */ = {
			isa = XCConfigurationList;
			buildConfigurations = (
				BE29C8F015C6C53000407DD2 /* Debug */,
				BE29C8F115C6C53000407DD2 /* Release */,
			);
			defaultConfigurationIsVisible = 0;
			defaultConfigurationName = Release;
		};
		BE29C8F215C6C53000407DD2 /* Build configuration list for PBXNativeTarget "GraphBase_ATests" */ = {
			isa = XCConfigurationList;
			buildConfigurations = (
				BE29C8F315C6C53000407DD2 /* Debug */,
				BE29C8F415C6C53000407DD2 /* Release */,
			);
			defaultConfigurationIsVisible = 0;
			defaultConfigurationName = Release;
		};
/* End XCConfigurationList section */

/* Begin XCVersionGroup section */
		BE883A9115DC8F33001A8EB4 /* GraphBase_A.xcdatamodeld */ = {
			isa = XCVersionGroup;
			children = (
				BE883A9215DC8F33001A8EB4 /* GraphBase_A_model.xcdatamodel */,
			);
			currentVersion = BE883A9215DC8F33001A8EB4 /* GraphBase_A_model.xcdatamodel */;
			path = GraphBase_A.xcdatamodeld;
			sourceTree = "<group>";
			versionGroupType = wrapper.xcdatamodel;
		};
/* End XCVersionGroup section */
	};
	rootObject = BE29C88F15C6C53000407DD2 /* Project object */;
}
